// !$*UTF8*$!
{
	archiveVersion = 1;
	classes = {
	};
	objectVersion = 46;
	objects = {

/* Begin PBXBuildFile section */
		49CDE1D02473BA240018A0D0 /* TransactionsCellTableViewCell.xib in Resources */ = {isa = PBXBuildFile; fileRef = 49CDE1CF2473BA240018A0D0 /* TransactionsCellTableViewCell.xib */; };
		49CDE1D32473BA6E0018A0D0 /* TransactionsCellTableViewCell.m in Sources */ = {isa = PBXBuildFile; fileRef = 49CDE1D22473BA6E0018A0D0 /* TransactionsCellTableViewCell.m */; };
		49CDE1D72473CDD80018A0D0 /* ReorderTableCell.m in Sources */ = {isa = PBXBuildFile; fileRef = 49CDE1D52473CDD80018A0D0 /* ReorderTableCell.m */; };
		49CDE1D82473CDD80018A0D0 /* ReorderTableCell.xib in Resources */ = {isa = PBXBuildFile; fileRef = 49CDE1D62473CDD80018A0D0 /* ReorderTableCell.xib */; };
		6C1A3A65203BD01300D6D165 /* CommonUtils.m in Sources */ = {isa = PBXBuildFile; fileRef = 6C1A3A64203BD01300D6D165 /* CommonUtils.m */; };
		6C229CF21F3018A9008B4850 /* expandableImage.png in Resources */ = {isa = PBXBuildFile; fileRef = 6C229CEA1F3018A9008B4850 /* expandableImage.png */; };
		6C229CF31F3018A9008B4850 /* expandableImage@2x.png in Resources */ = {isa = PBXBuildFile; fileRef = 6C229CEB1F3018A9008B4850 /* expandableImage@2x.png */; };
		6C229CF41F3018A9008B4850 /* SKSTableView.m in Sources */ = {isa = PBXBuildFile; fileRef = 6C229CED1F3018A9008B4850 /* SKSTableView.m */; };
		6C229CF51F3018A9008B4850 /* SKSTableViewCell.m in Sources */ = {isa = PBXBuildFile; fileRef = 6C229CEF1F3018A9008B4850 /* SKSTableViewCell.m */; };
		6C229CF61F3018A9008B4850 /* SKSTableViewCellIndicator.m in Sources */ = {isa = PBXBuildFile; fileRef = 6C229CF11F3018A9008B4850 /* SKSTableViewCellIndicator.m */; };
		6C24732B2027E8FB0034C497 /* Assets.xcassets in Resources */ = {isa = PBXBuildFile; fileRef = 6C24732A2027E8FB0034C497 /* Assets.xcassets */; };
		6C42CBE61EFF1A1000DBA198 /* BEMAverageLine.m in Sources */ = {isa = PBXBuildFile; fileRef = 6C42CBDD1EFF1A1000DBA198 /* BEMAverageLine.m */; };
		6C42CBE71EFF1A1000DBA198 /* BEMCircle.m in Sources */ = {isa = PBXBuildFile; fileRef = 6C42CBDF1EFF1A1000DBA198 /* BEMCircle.m */; };
		6C42CBE81EFF1A1000DBA198 /* BEMLine.m in Sources */ = {isa = PBXBuildFile; fileRef = 6C42CBE11EFF1A1000DBA198 /* BEMLine.m */; };
		6C42CBE91EFF1A1000DBA198 /* BEMPermanentPopupView.m in Sources */ = {isa = PBXBuildFile; fileRef = 6C42CBE31EFF1A1000DBA198 /* BEMPermanentPopupView.m */; };
		6C42CBEA1EFF1A1000DBA198 /* BEMSimpleLineGraphView.m in Sources */ = {isa = PBXBuildFile; fileRef = 6C42CBE51EFF1A1000DBA198 /* BEMSimpleLineGraphView.m */; };
		6C6B95561F463D7D00BDE4B7 /* CustomCellForCoffeeTableViewCell.m in Sources */ = {isa = PBXBuildFile; fileRef = 6C6B95541F463D7D00BDE4B7 /* CustomCellForCoffeeTableViewCell.m */; };
		6C6B95571F463D7D00BDE4B7 /* CustomCellForCoffeeTableViewCell.xib in Resources */ = {isa = PBXBuildFile; fileRef = 6C6B95551F463D7D00BDE4B7 /* CustomCellForCoffeeTableViewCell.xib */; };
		6C91FBA81EDB8245000243DA /* MainViewController.m in Sources */ = {isa = PBXBuildFile; fileRef = 6C91FBA71EDB8245000243DA /* MainViewController.m */; };
		6C91FBAA1EDBB301000243DA /* QuartzCore.framework in Frameworks */ = {isa = PBXBuildFile; fileRef = 6C91FBA91EDBB301000243DA /* QuartzCore.framework */; };
		6C91FBAC1EDC78EA000243DA /* GoogleService-Info.plist in Resources */ = {isa = PBXBuildFile; fileRef = 6C91FBAB1EDC78E9000243DA /* GoogleService-Info.plist */; };
		6CB3996C1EDD0C8700149C5D /* ToastHelper.m in Sources */ = {isa = PBXBuildFile; fileRef = 6CB3996B1EDD0C8700149C5D /* ToastHelper.m */; };
		6CB3996F1EDD0D5800149C5D /* UIViewController+Alerts.m in Sources */ = {isa = PBXBuildFile; fileRef = 6CB3996E1EDD0D5800149C5D /* UIViewController+Alerts.m */; };
		6CB399731EDD1EEE00149C5D /* about_text.html in Resources */ = {isa = PBXBuildFile; fileRef = 6CB399721EDD1EEE00149C5D /* about_text.html */; };
		6CB3997F1EDE2B7700149C5D /* MerchantShops.m in Sources */ = {isa = PBXBuildFile; fileRef = 6CB3997D1EDE2B7700149C5D /* MerchantShops.m */; };
		6CB399801EDE2B7700149C5D /* MerchantShops.xib in Resources */ = {isa = PBXBuildFile; fileRef = 6CB3997E1EDE2B7700149C5D /* MerchantShops.xib */; };
		6CB399841EDE2BA700149C5D /* MerchantEating.m in Sources */ = {isa = PBXBuildFile; fileRef = 6CB399821EDE2BA700149C5D /* MerchantEating.m */; };
		6CB399851EDE2BA700149C5D /* MerchantEating.xib in Resources */ = {isa = PBXBuildFile; fileRef = 6CB399831EDE2BA700149C5D /* MerchantEating.xib */; };
		6CB399911EE0B4D000149C5D /* CustomTableViewCell2.m in Sources */ = {isa = PBXBuildFile; fileRef = 6CB3998F1EE0B4D000149C5D /* CustomTableViewCell2.m */; };
		6CB399921EE0B4D000149C5D /* CustomTableViewCell2.xib in Resources */ = {isa = PBXBuildFile; fileRef = 6CB399901EE0B4D000149C5D /* CustomTableViewCell2.xib */; };
		6CBAB6CD2023869F00E46A6B /* TWRBarChart.m in Sources */ = {isa = PBXBuildFile; fileRef = 6CBAB6BC2023869C00E46A6B /* TWRBarChart.m */; };
		6CBAB6CE2023869F00E46A6B /* TWRCircularChart.m in Sources */ = {isa = PBXBuildFile; fileRef = 6CBAB6BD2023869D00E46A6B /* TWRCircularChart.m */; };
		6CBAB6CF2023869F00E46A6B /* UIColor+HexString.m in Sources */ = {isa = PBXBuildFile; fileRef = 6CBAB6C22023869D00E46A6B /* UIColor+HexString.m */; };
		6CBAB6D02023869F00E46A6B /* TWRChartBuilder.m in Sources */ = {isa = PBXBuildFile; fileRef = 6CBAB6C32023869D00E46A6B /* TWRChartBuilder.m */; };
		6CBAB6D12023869F00E46A6B /* TWRDataSet+Strings.m in Sources */ = {isa = PBXBuildFile; fileRef = 6CBAB6C62023869E00E46A6B /* TWRDataSet+Strings.m */; };
		6CBAB6D22023869F00E46A6B /* TWRLineChart.m in Sources */ = {isa = PBXBuildFile; fileRef = 6CBAB6C72023869E00E46A6B /* TWRLineChart.m */; };
		6CBAB6D32023869F00E46A6B /* TWRChartView.m in Sources */ = {isa = PBXBuildFile; fileRef = 6CBAB6C92023869E00E46A6B /* TWRChartView.m */; };
		6CBAB6D42023869F00E46A6B /* TWRDataSet.m in Sources */ = {isa = PBXBuildFile; fileRef = 6CBAB6CB2023869E00E46A6B /* TWRDataSet.m */; };
		6CBAB6D72023EAAC00E46A6B /* ChartNew.min.js in Resources */ = {isa = PBXBuildFile; fileRef = 6CBAB6D52023EAAC00E46A6B /* ChartNew.min.js */; };
		6CBAB6D82023EAAC00E46A6B /* index.html in Resources */ = {isa = PBXBuildFile; fileRef = 6CBAB6D62023EAAC00E46A6B /* index.html */; };
		6CBF93B21EEAB7E40036EBA3 /* CustomTableFinancialAccountsTableViewCell.m in Sources */ = {isa = PBXBuildFile; fileRef = 6CBF93B01EEAB7E40036EBA3 /* CustomTableFinancialAccountsTableViewCell.m */; };
		6CBF93B31EEAB7E40036EBA3 /* CustomTableFinancialAccountsTableViewCell.xib in Resources */ = {isa = PBXBuildFile; fileRef = 6CBF93B11EEAB7E40036EBA3 /* CustomTableFinancialAccountsTableViewCell.xib */; };
		6CBF93BC1EEDFE950036EBA3 /* MFSideMenuContainerViewController.m in Sources */ = {isa = PBXBuildFile; fileRef = 6CBF93B71EEDFE950036EBA3 /* MFSideMenuContainerViewController.m */; };
		6CBF93BD1EEDFE950036EBA3 /* MFSideMenuShadow.m in Sources */ = {isa = PBXBuildFile; fileRef = 6CBF93B91EEDFE950036EBA3 /* MFSideMenuShadow.m */; };
		6CBF93BE1EEDFE950036EBA3 /* UIViewController+MFSideMenuAdditions.m in Sources */ = {isa = PBXBuildFile; fileRef = 6CBF93BB1EEDFE950036EBA3 /* UIViewController+MFSideMenuAdditions.m */; };
		6CBF93C01EEDFED00036EBA3 /* UIKit.framework in Frameworks */ = {isa = PBXBuildFile; fileRef = 6CBF93BF1EEDFED00036EBA3 /* UIKit.framework */; };
		6CBF93C21EEDFEDB0036EBA3 /* Foundation.framework in Frameworks */ = {isa = PBXBuildFile; fileRef = 6CBF93C11EEDFEDB0036EBA3 /* Foundation.framework */; };
		6CBF93C41EEDFEE50036EBA3 /* CoreGraphics.framework in Frameworks */ = {isa = PBXBuildFile; fileRef = 6CBF93C31EEDFEE50036EBA3 /* CoreGraphics.framework */; };
		6CBF93C71EEE068B0036EBA3 /* SideMenuViewController.m in Sources */ = {isa = PBXBuildFile; fileRef = 6CBF93C61EEE068B0036EBA3 /* SideMenuViewController.m */; };
		6CBF93CB1EF097A10036EBA3 /* PlaidHTTPClient.m in Sources */ = {isa = PBXBuildFile; fileRef = 6CBF93CA1EF097A10036EBA3 /* PlaidHTTPClient.m */; };
		6CBF93EA1EF2B2C80036EBA3 /* BarChartView.m in Sources */ = {isa = PBXBuildFile; fileRef = 6CBF93D21EF2B2C70036EBA3 /* BarChartView.m */; };
		6CBF93EB1EF2B2C80036EBA3 /* BarLabel.m in Sources */ = {isa = PBXBuildFile; fileRef = 6CBF93D41EF2B2C70036EBA3 /* BarLabel.m */; };
		6CBF93EC1EF2B2C80036EBA3 /* BarView.m in Sources */ = {isa = PBXBuildFile; fileRef = 6CBF93D71EF2B2C70036EBA3 /* BarView.m */; };
		6CBF93ED1EF2B2C80036EBA3 /* CMPopTipView.m in Sources */ = {isa = PBXBuildFile; fileRef = 6CBF93DB1EF2B2C70036EBA3 /* CMPopTipView.m */; };
		6CBF93EE1EF2B2C80036EBA3 /* UIColor+i7HexColor.m in Sources */ = {isa = PBXBuildFile; fileRef = 6CBF93DE1EF2B2C70036EBA3 /* UIColor+i7HexColor.m */; };
		6CBF93EF1EF2B2C80036EBA3 /* UIViewSizeShortcuts.m in Sources */ = {isa = PBXBuildFile; fileRef = 6CBF93E01EF2B2C70036EBA3 /* UIViewSizeShortcuts.m */; };
		6CBF93F01EF2B2C80036EBA3 /* XMLElement.m in Sources */ = {isa = PBXBuildFile; fileRef = 6CBF93E31EF2B2C70036EBA3 /* XMLElement.m */; };
		6CBF93F11EF2B2C80036EBA3 /* XMLParser.m in Sources */ = {isa = PBXBuildFile; fileRef = 6CBF93E51EF2B2C70036EBA3 /* XMLParser.m */; };
		6CBF93F21EF2B2C80036EBA3 /* XMLParserDelegate.m in Sources */ = {isa = PBXBuildFile; fileRef = 6CBF93E71EF2B2C80036EBA3 /* XMLParserDelegate.m */; };
		6CBF93F31EF2B2C80036EBA3 /* PlotChartView.m in Sources */ = {isa = PBXBuildFile; fileRef = 6CBF93E91EF2B2C80036EBA3 /* PlotChartView.m */; };
		6CC818A71F0B3370009AC29E /* MerchantAccountCoffee.m in Sources */ = {isa = PBXBuildFile; fileRef = 6CC818A51F0B3370009AC29E /* MerchantAccountCoffee.m */; };
		6CC818A81F0B3370009AC29E /* MerchantAccountCoffee.xib in Resources */ = {isa = PBXBuildFile; fileRef = 6CC818A61F0B3370009AC29E /* MerchantAccountCoffee.xib */; };
		6CCB36DE1FC6F07000EEE438 /* MerchantTravelViewController.m in Sources */ = {isa = PBXBuildFile; fileRef = 6CCB36DC1FC6F07000EEE438 /* MerchantTravelViewController.m */; };
		6CCB36E11FC7000C00EEE438 /* MerchantTravelViewController.xib in Resources */ = {isa = PBXBuildFile; fileRef = 6CCB36E01FC6FC1100EEE438 /* MerchantTravelViewController.xib */; };
		6CD3550C1EE5093C00D1508F /* MerchantAccountRateReviewsViewController.m in Sources */ = {isa = PBXBuildFile; fileRef = 6CD3550B1EE5093C00D1508F /* MerchantAccountRateReviewsViewController.m */; };
		6CD355101EE5DDB400D1508F /* HCSStarRatingView.m in Sources */ = {isa = PBXBuildFile; fileRef = 6CD3550F1EE5DDB400D1508F /* HCSStarRatingView.m */; };
		6CD3551C1EE83AB100D1508F /* PlaidAPIViewController.m in Sources */ = {isa = PBXBuildFile; fileRef = 6CD3551A1EE83AB100D1508F /* PlaidAPIViewController.m */; };
		6CD355221EE8F91700D1508F /* LinkKit.framework in Embed Frameworks */ = {isa = PBXBuildFile; fileRef = 6CD355211EE8F91700D1508F /* LinkKit.framework */; settings = {ATTRIBUTES = (CodeSignOnCopy, RemoveHeadersOnCopy, ); }; };
		6CD355241EE8FA7500D1508F /* LinkKit.framework in Frameworks */ = {isa = PBXBuildFile; fileRef = 6CD355211EE8F91700D1508F /* LinkKit.framework */; };
		6CD9B03A1ED3874B003ADF99 /* main.m in Sources */ = {isa = PBXBuildFile; fileRef = 6CD9B0391ED3874B003ADF99 /* main.m */; };
		6CD9B03D1ED3874B003ADF99 /* AppDelegate.m in Sources */ = {isa = PBXBuildFile; fileRef = 6CD9B03C1ED3874B003ADF99 /* AppDelegate.m */; };
		6CD9B0401ED3874B003ADF99 /* HomeViewController.m in Sources */ = {isa = PBXBuildFile; fileRef = 6CD9B03F1ED3874B003ADF99 /* HomeViewController.m */; };
		6CD9B0431ED3874B003ADF99 /* Main.storyboard in Resources */ = {isa = PBXBuildFile; fileRef = 6CD9B0411ED3874B003ADF99 /* Main.storyboard */; };
		6CD9B0481ED3874B003ADF99 /* LaunchScreen.storyboard in Resources */ = {isa = PBXBuildFile; fileRef = 6CD9B0461ED3874B003ADF99 /* LaunchScreen.storyboard */; };
		6CD9B0541ED39178003ADF99 /* LoginViewController.m in Sources */ = {isa = PBXBuildFile; fileRef = 6CD9B0531ED39178003ADF99 /* LoginViewController.m */; };
		6CDB4ADF203D09860051113D /* SquareHttpClient.m in Sources */ = {isa = PBXBuildFile; fileRef = 6CDB4ADE203D09860051113D /* SquareHttpClient.m */; };
		6CDB4AE3203D8B070051113D /* CoffeeObj.m in Sources */ = {isa = PBXBuildFile; fileRef = 6CDB4AE2203D8B070051113D /* CoffeeObj.m */; };
		F7364C240F2CDE19B79C865E /* Pods_Zeal.framework in Frameworks */ = {isa = PBXBuildFile; fileRef = 7F3CCF38D5C1C19A98F1DAAE /* Pods_Zeal.framework */; };
/* End PBXBuildFile section */

/* Begin PBXCopyFilesBuildPhase section */
		6CD355151EE5E2AB00D1508F /* Embed Frameworks */ = {
			isa = PBXCopyFilesBuildPhase;
			buildActionMask = 2147483647;
			dstPath = "";
			dstSubfolderSpec = 10;
			files = (
				6CD355221EE8F91700D1508F /* LinkKit.framework in Embed Frameworks */,
			);
			name = "Embed Frameworks";
			runOnlyForDeploymentPostprocessing = 0;
		};
/* End PBXCopyFilesBuildPhase section */

/* Begin PBXFileReference section */
		49CDE1CF2473BA240018A0D0 /* TransactionsCellTableViewCell.xib */ = {isa = PBXFileReference; lastKnownFileType = file.xib; path = TransactionsCellTableViewCell.xib; sourceTree = "<group>"; };
		49CDE1D12473BA6E0018A0D0 /* TransactionsCellTableViewCell.h */ = {isa = PBXFileReference; lastKnownFileType = sourcecode.c.h; path = TransactionsCellTableViewCell.h; sourceTree = "<group>"; };
		49CDE1D22473BA6E0018A0D0 /* TransactionsCellTableViewCell.m */ = {isa = PBXFileReference; lastKnownFileType = sourcecode.c.objc; path = TransactionsCellTableViewCell.m; sourceTree = "<group>"; };
		49CDE1D42473CDD80018A0D0 /* ReorderTableCell.h */ = {isa = PBXFileReference; lastKnownFileType = sourcecode.c.h; path = ReorderTableCell.h; sourceTree = "<group>"; };
		49CDE1D52473CDD80018A0D0 /* ReorderTableCell.m */ = {isa = PBXFileReference; lastKnownFileType = sourcecode.c.objc; path = ReorderTableCell.m; sourceTree = "<group>"; };
		49CDE1D62473CDD80018A0D0 /* ReorderTableCell.xib */ = {isa = PBXFileReference; lastKnownFileType = file.xib; path = ReorderTableCell.xib; sourceTree = "<group>"; };
		6C1A3A63203BD01300D6D165 /* CommonUtils.h */ = {isa = PBXFileReference; lastKnownFileType = sourcecode.c.h; path = CommonUtils.h; sourceTree = "<group>"; };
		6C1A3A64203BD01300D6D165 /* CommonUtils.m */ = {isa = PBXFileReference; lastKnownFileType = sourcecode.c.objc; path = CommonUtils.m; sourceTree = "<group>"; };
		6C229CEA1F3018A9008B4850 /* expandableImage.png */ = {isa = PBXFileReference; lastKnownFileType = image.png; path = expandableImage.png; sourceTree = "<group>"; };
		6C229CEB1F3018A9008B4850 /* expandableImage@2x.png */ = {isa = PBXFileReference; lastKnownFileType = image.png; path = "expandableImage@2x.png"; sourceTree = "<group>"; };
		6C229CEC1F3018A9008B4850 /* SKSTableView.h */ = {isa = PBXFileReference; fileEncoding = 4; lastKnownFileType = sourcecode.c.h; path = SKSTableView.h; sourceTree = "<group>"; };
		6C229CED1F3018A9008B4850 /* SKSTableView.m */ = {isa = PBXFileReference; fileEncoding = 4; lastKnownFileType = sourcecode.c.objc; path = SKSTableView.m; sourceTree = "<group>"; };
		6C229CEE1F3018A9008B4850 /* SKSTableViewCell.h */ = {isa = PBXFileReference; fileEncoding = 4; lastKnownFileType = sourcecode.c.h; path = SKSTableViewCell.h; sourceTree = "<group>"; };
		6C229CEF1F3018A9008B4850 /* SKSTableViewCell.m */ = {isa = PBXFileReference; fileEncoding = 4; lastKnownFileType = sourcecode.c.objc; path = SKSTableViewCell.m; sourceTree = "<group>"; };
		6C229CF01F3018A9008B4850 /* SKSTableViewCellIndicator.h */ = {isa = PBXFileReference; fileEncoding = 4; lastKnownFileType = sourcecode.c.h; path = SKSTableViewCellIndicator.h; sourceTree = "<group>"; };
		6C229CF11F3018A9008B4850 /* SKSTableViewCellIndicator.m */ = {isa = PBXFileReference; fileEncoding = 4; lastKnownFileType = sourcecode.c.objc; path = SKSTableViewCellIndicator.m; sourceTree = "<group>"; };
		6C24732A2027E8FB0034C497 /* Assets.xcassets */ = {isa = PBXFileReference; lastKnownFileType = folder.assetcatalog; path = Assets.xcassets; sourceTree = "<group>"; };
		6C42CBDC1EFF1A1000DBA198 /* BEMAverageLine.h */ = {isa = PBXFileReference; fileEncoding = 4; lastKnownFileType = sourcecode.c.h; path = BEMAverageLine.h; sourceTree = "<group>"; };
		6C42CBDD1EFF1A1000DBA198 /* BEMAverageLine.m */ = {isa = PBXFileReference; fileEncoding = 4; lastKnownFileType = sourcecode.c.objc; path = BEMAverageLine.m; sourceTree = "<group>"; };
		6C42CBDE1EFF1A1000DBA198 /* BEMCircle.h */ = {isa = PBXFileReference; fileEncoding = 4; lastKnownFileType = sourcecode.c.h; path = BEMCircle.h; sourceTree = "<group>"; };
		6C42CBDF1EFF1A1000DBA198 /* BEMCircle.m */ = {isa = PBXFileReference; fileEncoding = 4; lastKnownFileType = sourcecode.c.objc; path = BEMCircle.m; sourceTree = "<group>"; };
		6C42CBE01EFF1A1000DBA198 /* BEMLine.h */ = {isa = PBXFileReference; fileEncoding = 4; lastKnownFileType = sourcecode.c.h; path = BEMLine.h; sourceTree = "<group>"; };
		6C42CBE11EFF1A1000DBA198 /* BEMLine.m */ = {isa = PBXFileReference; fileEncoding = 4; lastKnownFileType = sourcecode.c.objc; path = BEMLine.m; sourceTree = "<group>"; };
		6C42CBE21EFF1A1000DBA198 /* BEMPermanentPopupView.h */ = {isa = PBXFileReference; fileEncoding = 4; lastKnownFileType = sourcecode.c.h; path = BEMPermanentPopupView.h; sourceTree = "<group>"; };
		6C42CBE31EFF1A1000DBA198 /* BEMPermanentPopupView.m */ = {isa = PBXFileReference; fileEncoding = 4; lastKnownFileType = sourcecode.c.objc; path = BEMPermanentPopupView.m; sourceTree = "<group>"; };
		6C42CBE41EFF1A1000DBA198 /* BEMSimpleLineGraphView.h */ = {isa = PBXFileReference; fileEncoding = 4; lastKnownFileType = sourcecode.c.h; path = BEMSimpleLineGraphView.h; sourceTree = "<group>"; };
		6C42CBE51EFF1A1000DBA198 /* BEMSimpleLineGraphView.m */ = {isa = PBXFileReference; fileEncoding = 4; lastKnownFileType = sourcecode.c.objc; path = BEMSimpleLineGraphView.m; sourceTree = "<group>"; };
		6C4F85341EF8B46D00D192F1 /* Roboto-Italic.ttf */ = {isa = PBXFileReference; lastKnownFileType = file; path = "Roboto-Italic.ttf"; sourceTree = "<group>"; };
		6C4F85351EF8B46D00D192F1 /* Roboto-Regular.ttf */ = {isa = PBXFileReference; lastKnownFileType = file; path = "Roboto-Regular.ttf"; sourceTree = "<group>"; };
		6C4F85361EF8B51D00D192F1 /* Roboto-Medium.ttf */ = {isa = PBXFileReference; lastKnownFileType = file; path = "Roboto-Medium.ttf"; sourceTree = "<group>"; };
		6C5C9864201BE1C200BF64FF /* Zeal-Bridging-Header.h */ = {isa = PBXFileReference; lastKnownFileType = sourcecode.c.h; path = "Zeal-Bridging-Header.h"; sourceTree = "<group>"; };
		6C6102551FF49BE80081CA6B /* AppConstant.h */ = {isa = PBXFileReference; lastKnownFileType = sourcecode.c.h; path = AppConstant.h; sourceTree = "<group>"; };
		6C61025C1FF49DE50081CA6B /* Zeal-Prefix.pch */ = {isa = PBXFileReference; lastKnownFileType = sourcecode.c.h; path = "Zeal-Prefix.pch"; sourceTree = "<group>"; };
		6C6B95531F463D7D00BDE4B7 /* CustomCellForCoffeeTableViewCell.h */ = {isa = PBXFileReference; fileEncoding = 4; lastKnownFileType = sourcecode.c.h; path = CustomCellForCoffeeTableViewCell.h; sourceTree = "<group>"; };
		6C6B95541F463D7D00BDE4B7 /* CustomCellForCoffeeTableViewCell.m */ = {isa = PBXFileReference; fileEncoding = 4; lastKnownFileType = sourcecode.c.objc; path = CustomCellForCoffeeTableViewCell.m; sourceTree = "<group>"; };
		6C6B95551F463D7D00BDE4B7 /* CustomCellForCoffeeTableViewCell.xib */ = {isa = PBXFileReference; fileEncoding = 4; lastKnownFileType = file.xib; path = CustomCellForCoffeeTableViewCell.xib; sourceTree = "<group>"; };
		6C91FBA61EDB8245000243DA /* MainViewController.h */ = {isa = PBXFileReference; fileEncoding = 4; lastKnownFileType = sourcecode.c.h; path = MainViewController.h; sourceTree = "<group>"; };
		6C91FBA71EDB8245000243DA /* MainViewController.m */ = {isa = PBXFileReference; fileEncoding = 4; lastKnownFileType = sourcecode.c.objc; path = MainViewController.m; sourceTree = "<group>"; };
		6C91FBA91EDBB301000243DA /* QuartzCore.framework */ = {isa = PBXFileReference; lastKnownFileType = wrapper.framework; name = QuartzCore.framework; path = System/Library/Frameworks/QuartzCore.framework; sourceTree = SDKROOT; };
		6C91FBAB1EDC78E9000243DA /* GoogleService-Info.plist */ = {isa = PBXFileReference; fileEncoding = 4; lastKnownFileType = text.plist.xml; path = "GoogleService-Info.plist"; sourceTree = "<group>"; };
		6CB3996A1EDD0C8700149C5D /* ToastHelper.h */ = {isa = PBXFileReference; fileEncoding = 4; lastKnownFileType = sourcecode.c.h; name = ToastHelper.h; path = CustomClasses/ToastHelper.h; sourceTree = "<group>"; };
		6CB3996B1EDD0C8700149C5D /* ToastHelper.m */ = {isa = PBXFileReference; fileEncoding = 4; lastKnownFileType = sourcecode.c.objc; name = ToastHelper.m; path = CustomClasses/ToastHelper.m; sourceTree = "<group>"; };
		6CB3996D1EDD0D5800149C5D /* UIViewController+Alerts.h */ = {isa = PBXFileReference; fileEncoding = 4; lastKnownFileType = sourcecode.c.h; name = "UIViewController+Alerts.h"; path = "CustomClasses/UIViewController+Alerts.h"; sourceTree = "<group>"; };
		6CB3996E1EDD0D5800149C5D /* UIViewController+Alerts.m */ = {isa = PBXFileReference; fileEncoding = 4; lastKnownFileType = sourcecode.c.objc; name = "UIViewController+Alerts.m"; path = "CustomClasses/UIViewController+Alerts.m"; sourceTree = "<group>"; };
		6CB399721EDD1EEE00149C5D /* about_text.html */ = {isa = PBXFileReference; fileEncoding = 4; lastKnownFileType = text.html; path = about_text.html; sourceTree = "<group>"; };
		6CB3997C1EDE2B7700149C5D /* MerchantShops.h */ = {isa = PBXFileReference; fileEncoding = 4; lastKnownFileType = sourcecode.c.h; path = MerchantShops.h; sourceTree = "<group>"; };
		6CB3997D1EDE2B7700149C5D /* MerchantShops.m */ = {isa = PBXFileReference; fileEncoding = 4; lastKnownFileType = sourcecode.c.objc; path = MerchantShops.m; sourceTree = "<group>"; };
		6CB3997E1EDE2B7700149C5D /* MerchantShops.xib */ = {isa = PBXFileReference; fileEncoding = 4; lastKnownFileType = file.xib; path = MerchantShops.xib; sourceTree = "<group>"; };
		6CB399811EDE2BA700149C5D /* MerchantEating.h */ = {isa = PBXFileReference; fileEncoding = 4; lastKnownFileType = sourcecode.c.h; path = MerchantEating.h; sourceTree = "<group>"; };
		6CB399821EDE2BA700149C5D /* MerchantEating.m */ = {isa = PBXFileReference; fileEncoding = 4; lastKnownFileType = sourcecode.c.objc; path = MerchantEating.m; sourceTree = "<group>"; };
		6CB399831EDE2BA700149C5D /* MerchantEating.xib */ = {isa = PBXFileReference; fileEncoding = 4; lastKnownFileType = file.xib; path = MerchantEating.xib; sourceTree = "<group>"; };
		6CB3998E1EE0B4D000149C5D /* CustomTableViewCell2.h */ = {isa = PBXFileReference; fileEncoding = 4; lastKnownFileType = sourcecode.c.h; path = CustomTableViewCell2.h; sourceTree = "<group>"; };
		6CB3998F1EE0B4D000149C5D /* CustomTableViewCell2.m */ = {isa = PBXFileReference; fileEncoding = 4; lastKnownFileType = sourcecode.c.objc; path = CustomTableViewCell2.m; sourceTree = "<group>"; };
		6CB399901EE0B4D000149C5D /* CustomTableViewCell2.xib */ = {isa = PBXFileReference; fileEncoding = 4; lastKnownFileType = file.xib; path = CustomTableViewCell2.xib; sourceTree = "<group>"; };
		6CBAB6BC2023869C00E46A6B /* TWRBarChart.m */ = {isa = PBXFileReference; fileEncoding = 4; lastKnownFileType = sourcecode.c.objc; path = TWRBarChart.m; sourceTree = "<group>"; };
		6CBAB6BD2023869D00E46A6B /* TWRCircularChart.m */ = {isa = PBXFileReference; fileEncoding = 4; lastKnownFileType = sourcecode.c.objc; path = TWRCircularChart.m; sourceTree = "<group>"; };
		6CBAB6BE2023869D00E46A6B /* TWRBarChart.h */ = {isa = PBXFileReference; fileEncoding = 4; lastKnownFileType = sourcecode.c.h; path = TWRBarChart.h; sourceTree = "<group>"; };
		6CBAB6BF2023869D00E46A6B /* TWRDataSet.h */ = {isa = PBXFileReference; fileEncoding = 4; lastKnownFileType = sourcecode.c.h; path = TWRDataSet.h; sourceTree = "<group>"; };
		6CBAB6C02023869D00E46A6B /* TWRLineChart.h */ = {isa = PBXFileReference; fileEncoding = 4; lastKnownFileType = sourcecode.c.h; path = TWRLineChart.h; sourceTree = "<group>"; };
		6CBAB6C12023869D00E46A6B /* TWRChart.h */ = {isa = PBXFileReference; fileEncoding = 4; lastKnownFileType = sourcecode.c.h; path = TWRChart.h; sourceTree = "<group>"; };
		6CBAB6C22023869D00E46A6B /* UIColor+HexString.m */ = {isa = PBXFileReference; fileEncoding = 4; lastKnownFileType = sourcecode.c.objc; path = "UIColor+HexString.m"; sourceTree = "<group>"; };
		6CBAB6C32023869D00E46A6B /* TWRChartBuilder.m */ = {isa = PBXFileReference; fileEncoding = 4; lastKnownFileType = sourcecode.c.objc; path = TWRChartBuilder.m; sourceTree = "<group>"; };
		6CBAB6C42023869D00E46A6B /* TWRChartBuilder.h */ = {isa = PBXFileReference; fileEncoding = 4; lastKnownFileType = sourcecode.c.h; path = TWRChartBuilder.h; sourceTree = "<group>"; };
		6CBAB6C52023869E00E46A6B /* TWRDataSet+Strings.h */ = {isa = PBXFileReference; fileEncoding = 4; lastKnownFileType = sourcecode.c.h; path = "TWRDataSet+Strings.h"; sourceTree = "<group>"; };
		6CBAB6C62023869E00E46A6B /* TWRDataSet+Strings.m */ = {isa = PBXFileReference; fileEncoding = 4; lastKnownFileType = sourcecode.c.objc; path = "TWRDataSet+Strings.m"; sourceTree = "<group>"; };
		6CBAB6C72023869E00E46A6B /* TWRLineChart.m */ = {isa = PBXFileReference; fileEncoding = 4; lastKnownFileType = sourcecode.c.objc; path = TWRLineChart.m; sourceTree = "<group>"; };
		6CBAB6C82023869E00E46A6B /* TWRChartView.h */ = {isa = PBXFileReference; fileEncoding = 4; lastKnownFileType = sourcecode.c.h; path = TWRChartView.h; sourceTree = "<group>"; };
		6CBAB6C92023869E00E46A6B /* TWRChartView.m */ = {isa = PBXFileReference; fileEncoding = 4; lastKnownFileType = sourcecode.c.objc; path = TWRChartView.m; sourceTree = "<group>"; };
		6CBAB6CA2023869E00E46A6B /* TWRCircularChart.h */ = {isa = PBXFileReference; fileEncoding = 4; lastKnownFileType = sourcecode.c.h; path = TWRCircularChart.h; sourceTree = "<group>"; };
		6CBAB6CB2023869E00E46A6B /* TWRDataSet.m */ = {isa = PBXFileReference; fileEncoding = 4; lastKnownFileType = sourcecode.c.objc; path = TWRDataSet.m; sourceTree = "<group>"; };
		6CBAB6CC2023869E00E46A6B /* UIColor+HexString.h */ = {isa = PBXFileReference; fileEncoding = 4; lastKnownFileType = sourcecode.c.h; path = "UIColor+HexString.h"; sourceTree = "<group>"; };
		6CBAB6D52023EAAC00E46A6B /* ChartNew.min.js */ = {isa = PBXFileReference; fileEncoding = 4; lastKnownFileType = sourcecode.javascript; path = ChartNew.min.js; sourceTree = "<group>"; };
		6CBAB6D62023EAAC00E46A6B /* index.html */ = {isa = PBXFileReference; fileEncoding = 4; lastKnownFileType = text.html; path = index.html; sourceTree = "<group>"; };
		6CBF93AF1EEAB7E40036EBA3 /* CustomTableFinancialAccountsTableViewCell.h */ = {isa = PBXFileReference; fileEncoding = 4; lastKnownFileType = sourcecode.c.h; path = CustomTableFinancialAccountsTableViewCell.h; sourceTree = "<group>"; };
		6CBF93B01EEAB7E40036EBA3 /* CustomTableFinancialAccountsTableViewCell.m */ = {isa = PBXFileReference; fileEncoding = 4; lastKnownFileType = sourcecode.c.objc; path = CustomTableFinancialAccountsTableViewCell.m; sourceTree = "<group>"; };
		6CBF93B11EEAB7E40036EBA3 /* CustomTableFinancialAccountsTableViewCell.xib */ = {isa = PBXFileReference; fileEncoding = 4; lastKnownFileType = file.xib; path = CustomTableFinancialAccountsTableViewCell.xib; sourceTree = "<group>"; };
		6CBF93B51EEDFE950036EBA3 /* MFSideMenu.h */ = {isa = PBXFileReference; fileEncoding = 4; lastKnownFileType = sourcecode.c.h; path = MFSideMenu.h; sourceTree = "<group>"; };
		6CBF93B61EEDFE950036EBA3 /* MFSideMenuContainerViewController.h */ = {isa = PBXFileReference; fileEncoding = 4; lastKnownFileType = sourcecode.c.h; path = MFSideMenuContainerViewController.h; sourceTree = "<group>"; };
		6CBF93B71EEDFE950036EBA3 /* MFSideMenuContainerViewController.m */ = {isa = PBXFileReference; fileEncoding = 4; lastKnownFileType = sourcecode.c.objc; path = MFSideMenuContainerViewController.m; sourceTree = "<group>"; };
		6CBF93B81EEDFE950036EBA3 /* MFSideMenuShadow.h */ = {isa = PBXFileReference; fileEncoding = 4; lastKnownFileType = sourcecode.c.h; path = MFSideMenuShadow.h; sourceTree = "<group>"; };
		6CBF93B91EEDFE950036EBA3 /* MFSideMenuShadow.m */ = {isa = PBXFileReference; fileEncoding = 4; lastKnownFileType = sourcecode.c.objc; path = MFSideMenuShadow.m; sourceTree = "<group>"; };
		6CBF93BA1EEDFE950036EBA3 /* UIViewController+MFSideMenuAdditions.h */ = {isa = PBXFileReference; fileEncoding = 4; lastKnownFileType = sourcecode.c.h; path = "UIViewController+MFSideMenuAdditions.h"; sourceTree = "<group>"; };
		6CBF93BB1EEDFE950036EBA3 /* UIViewController+MFSideMenuAdditions.m */ = {isa = PBXFileReference; fileEncoding = 4; lastKnownFileType = sourcecode.c.objc; path = "UIViewController+MFSideMenuAdditions.m"; sourceTree = "<group>"; };
		6CBF93BF1EEDFED00036EBA3 /* UIKit.framework */ = {isa = PBXFileReference; lastKnownFileType = wrapper.framework; name = UIKit.framework; path = System/Library/Frameworks/UIKit.framework; sourceTree = SDKROOT; };
		6CBF93C11EEDFEDB0036EBA3 /* Foundation.framework */ = {isa = PBXFileReference; lastKnownFileType = wrapper.framework; name = Foundation.framework; path = System/Library/Frameworks/Foundation.framework; sourceTree = SDKROOT; };
		6CBF93C31EEDFEE50036EBA3 /* CoreGraphics.framework */ = {isa = PBXFileReference; lastKnownFileType = wrapper.framework; name = CoreGraphics.framework; path = System/Library/Frameworks/CoreGraphics.framework; sourceTree = SDKROOT; };
		6CBF93C51EEE068B0036EBA3 /* SideMenuViewController.h */ = {isa = PBXFileReference; fileEncoding = 4; lastKnownFileType = sourcecode.c.h; path = SideMenuViewController.h; sourceTree = "<group>"; };
		6CBF93C61EEE068B0036EBA3 /* SideMenuViewController.m */ = {isa = PBXFileReference; fileEncoding = 4; lastKnownFileType = sourcecode.c.objc; path = SideMenuViewController.m; sourceTree = "<group>"; };
		6CBF93C91EF097A10036EBA3 /* PlaidHTTPClient.h */ = {isa = PBXFileReference; fileEncoding = 4; lastKnownFileType = sourcecode.c.h; name = PlaidHTTPClient.h; path = PlaidHelper/PlaidHTTPClient.h; sourceTree = "<group>"; };
		6CBF93CA1EF097A10036EBA3 /* PlaidHTTPClient.m */ = {isa = PBXFileReference; fileEncoding = 4; lastKnownFileType = sourcecode.c.objc; name = PlaidHTTPClient.m; path = PlaidHelper/PlaidHTTPClient.m; sourceTree = "<group>"; };
		6CBF93D11EF2B2C70036EBA3 /* BarChartView.h */ = {isa = PBXFileReference; fileEncoding = 4; lastKnownFileType = sourcecode.c.h; name = BarChartView.h; path = "BarChart Library/BarChartView.h"; sourceTree = "<group>"; };
		6CBF93D21EF2B2C70036EBA3 /* BarChartView.m */ = {isa = PBXFileReference; fileEncoding = 4; lastKnownFileType = sourcecode.c.objc; name = BarChartView.m; path = "BarChart Library/BarChartView.m"; sourceTree = "<group>"; };
		6CBF93D31EF2B2C70036EBA3 /* BarLabel.h */ = {isa = PBXFileReference; fileEncoding = 4; lastKnownFileType = sourcecode.c.h; name = BarLabel.h; path = "BarChart Library/BarLabel.h"; sourceTree = "<group>"; };
		6CBF93D41EF2B2C70036EBA3 /* BarLabel.m */ = {isa = PBXFileReference; fileEncoding = 4; lastKnownFileType = sourcecode.c.objc; name = BarLabel.m; path = "BarChart Library/BarLabel.m"; sourceTree = "<group>"; };
		6CBF93D51EF2B2C70036EBA3 /* BarTypes.h */ = {isa = PBXFileReference; fileEncoding = 4; lastKnownFileType = sourcecode.c.h; name = BarTypes.h; path = "BarChart Library/BarTypes.h"; sourceTree = "<group>"; };
		6CBF93D61EF2B2C70036EBA3 /* BarView.h */ = {isa = PBXFileReference; fileEncoding = 4; lastKnownFileType = sourcecode.c.h; name = BarView.h; path = "BarChart Library/BarView.h"; sourceTree = "<group>"; };
		6CBF93D71EF2B2C70036EBA3 /* BarView.m */ = {isa = PBXFileReference; fileEncoding = 4; lastKnownFileType = sourcecode.c.objc; name = BarView.m; path = "BarChart Library/BarView.m"; sourceTree = "<group>"; };
		6CBF93DA1EF2B2C70036EBA3 /* CMPopTipView.h */ = {isa = PBXFileReference; fileEncoding = 4; lastKnownFileType = sourcecode.c.h; path = CMPopTipView.h; sourceTree = "<group>"; };
		6CBF93DB1EF2B2C70036EBA3 /* CMPopTipView.m */ = {isa = PBXFileReference; fileEncoding = 4; lastKnownFileType = sourcecode.c.objc; path = CMPopTipView.m; sourceTree = "<group>"; };
		6CBF93DD1EF2B2C70036EBA3 /* UIColor+i7HexColor.h */ = {isa = PBXFileReference; fileEncoding = 4; lastKnownFileType = sourcecode.c.h; path = "UIColor+i7HexColor.h"; sourceTree = "<group>"; };
		6CBF93DE1EF2B2C70036EBA3 /* UIColor+i7HexColor.m */ = {isa = PBXFileReference; fileEncoding = 4; lastKnownFileType = sourcecode.c.objc; path = "UIColor+i7HexColor.m"; sourceTree = "<group>"; };
		6CBF93DF1EF2B2C70036EBA3 /* UIViewSizeShortcuts.h */ = {isa = PBXFileReference; fileEncoding = 4; lastKnownFileType = sourcecode.c.h; path = UIViewSizeShortcuts.h; sourceTree = "<group>"; };
		6CBF93E01EF2B2C70036EBA3 /* UIViewSizeShortcuts.m */ = {isa = PBXFileReference; fileEncoding = 4; lastKnownFileType = sourcecode.c.objc; path = UIViewSizeShortcuts.m; sourceTree = "<group>"; };
		6CBF93E21EF2B2C70036EBA3 /* XMLElement.h */ = {isa = PBXFileReference; fileEncoding = 4; lastKnownFileType = sourcecode.c.h; path = XMLElement.h; sourceTree = "<group>"; };
		6CBF93E31EF2B2C70036EBA3 /* XMLElement.m */ = {isa = PBXFileReference; fileEncoding = 4; lastKnownFileType = sourcecode.c.objc; path = XMLElement.m; sourceTree = "<group>"; };
		6CBF93E41EF2B2C70036EBA3 /* XMLParser.h */ = {isa = PBXFileReference; fileEncoding = 4; lastKnownFileType = sourcecode.c.h; path = XMLParser.h; sourceTree = "<group>"; };
		6CBF93E51EF2B2C70036EBA3 /* XMLParser.m */ = {isa = PBXFileReference; fileEncoding = 4; lastKnownFileType = sourcecode.c.objc; path = XMLParser.m; sourceTree = "<group>"; };
		6CBF93E61EF2B2C80036EBA3 /* XMLParserDelegate.h */ = {isa = PBXFileReference; fileEncoding = 4; lastKnownFileType = sourcecode.c.h; path = XMLParserDelegate.h; sourceTree = "<group>"; };
		6CBF93E71EF2B2C80036EBA3 /* XMLParserDelegate.m */ = {isa = PBXFileReference; fileEncoding = 4; lastKnownFileType = sourcecode.c.objc; path = XMLParserDelegate.m; sourceTree = "<group>"; };
		6CBF93E81EF2B2C80036EBA3 /* PlotChartView.h */ = {isa = PBXFileReference; fileEncoding = 4; lastKnownFileType = sourcecode.c.h; name = PlotChartView.h; path = "BarChart Library/PlotChartView.h"; sourceTree = "<group>"; };
		6CBF93E91EF2B2C80036EBA3 /* PlotChartView.m */ = {isa = PBXFileReference; fileEncoding = 4; lastKnownFileType = sourcecode.c.objc; name = PlotChartView.m; path = "BarChart Library/PlotChartView.m"; sourceTree = "<group>"; };
		6CC818A41F0B3370009AC29E /* MerchantAccountCoffee.h */ = {isa = PBXFileReference; fileEncoding = 4; lastKnownFileType = sourcecode.c.h; path = MerchantAccountCoffee.h; sourceTree = "<group>"; };
		6CC818A51F0B3370009AC29E /* MerchantAccountCoffee.m */ = {isa = PBXFileReference; fileEncoding = 4; lastKnownFileType = sourcecode.c.objc; path = MerchantAccountCoffee.m; sourceTree = "<group>"; wrapsLines = 0; };
		6CC818A61F0B3370009AC29E /* MerchantAccountCoffee.xib */ = {isa = PBXFileReference; fileEncoding = 4; lastKnownFileType = file.xib; path = MerchantAccountCoffee.xib; sourceTree = "<group>"; };
		6CCB36DB1FC6F07000EEE438 /* MerchantTravelViewController.h */ = {isa = PBXFileReference; lastKnownFileType = sourcecode.c.h; path = MerchantTravelViewController.h; sourceTree = "<group>"; };
		6CCB36DC1FC6F07000EEE438 /* MerchantTravelViewController.m */ = {isa = PBXFileReference; lastKnownFileType = sourcecode.c.objc; path = MerchantTravelViewController.m; sourceTree = "<group>"; };
		6CCB36E01FC6FC1100EEE438 /* MerchantTravelViewController.xib */ = {isa = PBXFileReference; lastKnownFileType = file.xib; path = MerchantTravelViewController.xib; sourceTree = "<group>"; };
		6CCF2FBF1FFE6CBF006DAB76 /* Zeal.entitlements */ = {isa = PBXFileReference; lastKnownFileType = text.plist.entitlements; path = Zeal.entitlements; sourceTree = "<group>"; };
		6CD3550A1EE5093C00D1508F /* MerchantAccountRateReviewsViewController.h */ = {isa = PBXFileReference; fileEncoding = 4; lastKnownFileType = sourcecode.c.h; path = MerchantAccountRateReviewsViewController.h; sourceTree = "<group>"; };
		6CD3550B1EE5093C00D1508F /* MerchantAccountRateReviewsViewController.m */ = {isa = PBXFileReference; fileEncoding = 4; lastKnownFileType = sourcecode.c.objc; path = MerchantAccountRateReviewsViewController.m; sourceTree = "<group>"; };
		6CD3550E1EE5DDB400D1508F /* HCSStarRatingView.h */ = {isa = PBXFileReference; fileEncoding = 4; lastKnownFileType = sourcecode.c.h; path = HCSStarRatingView.h; sourceTree = "<group>"; };
		6CD3550F1EE5DDB400D1508F /* HCSStarRatingView.m */ = {isa = PBXFileReference; fileEncoding = 4; lastKnownFileType = sourcecode.c.objc; path = HCSStarRatingView.m; sourceTree = "<group>"; };
		6CD355191EE83AB100D1508F /* PlaidAPIViewController.h */ = {isa = PBXFileReference; fileEncoding = 4; lastKnownFileType = sourcecode.c.h; path = PlaidAPIViewController.h; sourceTree = "<group>"; };
		6CD3551A1EE83AB100D1508F /* PlaidAPIViewController.m */ = {isa = PBXFileReference; fileEncoding = 4; lastKnownFileType = sourcecode.c.objc; path = PlaidAPIViewController.m; sourceTree = "<group>"; };
		6CD355211EE8F91700D1508F /* LinkKit.framework */ = {isa = PBXFileReference; lastKnownFileType = wrapper.framework; path = LinkKit.framework; sourceTree = "<group>"; };
		6CD9B0351ED3874B003ADF99 /* Zeal.app */ = {isa = PBXFileReference; explicitFileType = wrapper.application; includeInIndex = 0; path = Zeal.app; sourceTree = BUILT_PRODUCTS_DIR; };
		6CD9B0391ED3874B003ADF99 /* main.m */ = {isa = PBXFileReference; lastKnownFileType = sourcecode.c.objc; path = main.m; sourceTree = "<group>"; };
		6CD9B03B1ED3874B003ADF99 /* AppDelegate.h */ = {isa = PBXFileReference; lastKnownFileType = sourcecode.c.h; path = AppDelegate.h; sourceTree = "<group>"; };
		6CD9B03C1ED3874B003ADF99 /* AppDelegate.m */ = {isa = PBXFileReference; lastKnownFileType = sourcecode.c.objc; path = AppDelegate.m; sourceTree = "<group>"; };
		6CD9B03E1ED3874B003ADF99 /* HomeViewController.h */ = {isa = PBXFileReference; lastKnownFileType = sourcecode.c.h; path = HomeViewController.h; sourceTree = "<group>"; };
		6CD9B03F1ED3874B003ADF99 /* HomeViewController.m */ = {isa = PBXFileReference; lastKnownFileType = sourcecode.c.objc; path = HomeViewController.m; sourceTree = "<group>"; };
		6CD9B0421ED3874B003ADF99 /* Base */ = {isa = PBXFileReference; lastKnownFileType = file.storyboard; name = Base; path = Base.lproj/Main.storyboard; sourceTree = "<group>"; };
		6CD9B0471ED3874B003ADF99 /* Base */ = {isa = PBXFileReference; lastKnownFileType = file.storyboard; name = Base; path = Base.lproj/LaunchScreen.storyboard; sourceTree = "<group>"; };
		6CD9B0491ED3874B003ADF99 /* Info.plist */ = {isa = PBXFileReference; lastKnownFileType = text.plist.xml; path = Info.plist; sourceTree = "<group>"; };
		6CD9B0521ED39178003ADF99 /* LoginViewController.h */ = {isa = PBXFileReference; fileEncoding = 4; lastKnownFileType = sourcecode.c.h; path = LoginViewController.h; sourceTree = "<group>"; };
		6CD9B0531ED39178003ADF99 /* LoginViewController.m */ = {isa = PBXFileReference; fileEncoding = 4; lastKnownFileType = sourcecode.c.objc; path = LoginViewController.m; sourceTree = "<group>"; };
		6CDB4ADD203D09860051113D /* SquareHttpClient.h */ = {isa = PBXFileReference; lastKnownFileType = sourcecode.c.h; path = SquareHttpClient.h; sourceTree = "<group>"; };
		6CDB4ADE203D09860051113D /* SquareHttpClient.m */ = {isa = PBXFileReference; lastKnownFileType = sourcecode.c.objc; path = SquareHttpClient.m; sourceTree = "<group>"; };
		6CDB4AE1203D8B070051113D /* CoffeeObj.h */ = {isa = PBXFileReference; lastKnownFileType = sourcecode.c.h; path = CoffeeObj.h; sourceTree = "<group>"; };
		6CDB4AE2203D8B070051113D /* CoffeeObj.m */ = {isa = PBXFileReference; lastKnownFileType = sourcecode.c.objc; path = CoffeeObj.m; sourceTree = "<group>"; };
		7F3CCF38D5C1C19A98F1DAAE /* Pods_Zeal.framework */ = {isa = PBXFileReference; explicitFileType = wrapper.framework; includeInIndex = 0; path = Pods_Zeal.framework; sourceTree = BUILT_PRODUCTS_DIR; };
		A6FBBEFEB75EBB5008300B41 /* Pods-Zeal.debug.xcconfig */ = {isa = PBXFileReference; includeInIndex = 1; lastKnownFileType = text.xcconfig; name = "Pods-Zeal.debug.xcconfig"; path = "Pods/Target Support Files/Pods-Zeal/Pods-Zeal.debug.xcconfig"; sourceTree = "<group>"; };
		DD273674B4856BFCF9D6E0AB /* Pods-Zeal.release.xcconfig */ = {isa = PBXFileReference; includeInIndex = 1; lastKnownFileType = text.xcconfig; name = "Pods-Zeal.release.xcconfig"; path = "Pods/Target Support Files/Pods-Zeal/Pods-Zeal.release.xcconfig"; sourceTree = "<group>"; };
/* End PBXFileReference section */

/* Begin PBXFrameworksBuildPhase section */
		6CD9B0321ED3874B003ADF99 /* Frameworks */ = {
			isa = PBXFrameworksBuildPhase;
			buildActionMask = 2147483647;
			files = (
				6CBF93C41EEDFEE50036EBA3 /* CoreGraphics.framework in Frameworks */,
				6CBF93C21EEDFEDB0036EBA3 /* Foundation.framework in Frameworks */,
				6CBF93C01EEDFED00036EBA3 /* UIKit.framework in Frameworks */,
				6CD355241EE8FA7500D1508F /* LinkKit.framework in Frameworks */,
				6C91FBAA1EDBB301000243DA /* QuartzCore.framework in Frameworks */,
				F7364C240F2CDE19B79C865E /* Pods_Zeal.framework in Frameworks */,
			);
			runOnlyForDeploymentPostprocessing = 0;
		};
/* End PBXFrameworksBuildPhase section */

/* Begin PBXGroup section */
		3207C34D48574342407EE62A /* Frameworks */ = {
			isa = PBXGroup;
			children = (
				6CBF93C31EEDFEE50036EBA3 /* CoreGraphics.framework */,
				6CBF93C11EEDFEDB0036EBA3 /* Foundation.framework */,
				6CBF93BF1EEDFED00036EBA3 /* UIKit.framework */,
				6CD355211EE8F91700D1508F /* LinkKit.framework */,
				6C91FBA91EDBB301000243DA /* QuartzCore.framework */,
				7F3CCF38D5C1C19A98F1DAAE /* Pods_Zeal.framework */,
			);
			name = Frameworks;
			sourceTree = "<group>";
		};
		612B64D5229A455C28672B05 /* Pods */ = {
			isa = PBXGroup;
			children = (
				A6FBBEFEB75EBB5008300B41 /* Pods-Zeal.debug.xcconfig */,
				DD273674B4856BFCF9D6E0AB /* Pods-Zeal.release.xcconfig */,
			);
			name = Pods;
			sourceTree = "<group>";
		};
		6C1A3A62203BCFF100D6D165 /* CommonUtils */ = {
			isa = PBXGroup;
			children = (
				6C1A3A63203BD01300D6D165 /* CommonUtils.h */,
				6C1A3A64203BD01300D6D165 /* CommonUtils.m */,
			);
			name = CommonUtils;
			sourceTree = "<group>";
		};
		6C229CE91F3018A9008B4850 /* SKTableView */ = {
			isa = PBXGroup;
			children = (
				6C229CEA1F3018A9008B4850 /* expandableImage.png */,
				6C229CEB1F3018A9008B4850 /* expandableImage@2x.png */,
				6C229CEC1F3018A9008B4850 /* SKSTableView.h */,
				6C229CED1F3018A9008B4850 /* SKSTableView.m */,
				6C229CEE1F3018A9008B4850 /* SKSTableViewCell.h */,
				6C229CEF1F3018A9008B4850 /* SKSTableViewCell.m */,
				6C229CF01F3018A9008B4850 /* SKSTableViewCellIndicator.h */,
				6C229CF11F3018A9008B4850 /* SKSTableViewCellIndicator.m */,
			);
			path = SKTableView;
			sourceTree = "<group>";
		};
		6C42CBDB1EFF1A1000DBA198 /* LineGraphClasses */ = {
			isa = PBXGroup;
			children = (
				6C42CBDC1EFF1A1000DBA198 /* BEMAverageLine.h */,
				6C42CBDD1EFF1A1000DBA198 /* BEMAverageLine.m */,
				6C42CBDE1EFF1A1000DBA198 /* BEMCircle.h */,
				6C42CBDF1EFF1A1000DBA198 /* BEMCircle.m */,
				6C42CBE01EFF1A1000DBA198 /* BEMLine.h */,
				6C42CBE11EFF1A1000DBA198 /* BEMLine.m */,
				6C42CBE21EFF1A1000DBA198 /* BEMPermanentPopupView.h */,
				6C42CBE31EFF1A1000DBA198 /* BEMPermanentPopupView.m */,
				6C42CBE41EFF1A1000DBA198 /* BEMSimpleLineGraphView.h */,
				6C42CBE51EFF1A1000DBA198 /* BEMSimpleLineGraphView.m */,
			);
			path = LineGraphClasses;
			sourceTree = "<group>";
		};
		6C61025A1FF49D7C0081CA6B /* ViewControllers */ = {
			isa = PBXGroup;
			children = (
				6CD9B03E1ED3874B003ADF99 /* HomeViewController.h */,
				6CD9B03F1ED3874B003ADF99 /* HomeViewController.m */,
				6CD9B0521ED39178003ADF99 /* LoginViewController.h */,
				6CD9B0531ED39178003ADF99 /* LoginViewController.m */,
				6C91FBA61EDB8245000243DA /* MainViewController.h */,
				6C91FBA71EDB8245000243DA /* MainViewController.m */,
				6CBF93C51EEE068B0036EBA3 /* SideMenuViewController.h */,
				6CBF93C61EEE068B0036EBA3 /* SideMenuViewController.m */,
				6CB399931EE0D51D00149C5D /* MerchantSubViewControllers */,
				6CD355191EE83AB100D1508F /* PlaidAPIViewController.h */,
				6CD3551A1EE83AB100D1508F /* PlaidAPIViewController.m */,
				6CBF93AF1EEAB7E40036EBA3 /* CustomTableFinancialAccountsTableViewCell.h */,
				6CBF93B01EEAB7E40036EBA3 /* CustomTableFinancialAccountsTableViewCell.m */,
				6CBF93B11EEAB7E40036EBA3 /* CustomTableFinancialAccountsTableViewCell.xib */,
				49CDE1CF2473BA240018A0D0 /* TransactionsCellTableViewCell.xib */,
				49CDE1D12473BA6E0018A0D0 /* TransactionsCellTableViewCell.h */,
				49CDE1D22473BA6E0018A0D0 /* TransactionsCellTableViewCell.m */,
				49CDE1D42473CDD80018A0D0 /* ReorderTableCell.h */,
				49CDE1D52473CDD80018A0D0 /* ReorderTableCell.m */,
				49CDE1D62473CDD80018A0D0 /* ReorderTableCell.xib */,
			);
			name = ViewControllers;
			sourceTree = "<group>";
		};
		6C61025B1FF49DA30081CA6B /* Utilities */ = {
			isa = PBXGroup;
			children = (
				6C6102551FF49BE80081CA6B /* AppConstant.h */,
				6C61025C1FF49DE50081CA6B /* Zeal-Prefix.pch */,
			);
			name = Utilities;
			sourceTree = "<group>";
		};
		6CB399691EDD089B00149C5D /* CustomClasses */ = {
			isa = PBXGroup;
			children = (
				6CB3996A1EDD0C8700149C5D /* ToastHelper.h */,
				6CB3996B1EDD0C8700149C5D /* ToastHelper.m */,
				6CB3996D1EDD0D5800149C5D /* UIViewController+Alerts.h */,
				6CB3996E1EDD0D5800149C5D /* UIViewController+Alerts.m */,
			);
			name = CustomClasses;
			sourceTree = "<group>";
		};
		6CB399931EE0D51D00149C5D /* MerchantSubViewControllers */ = {
			isa = PBXGroup;
			children = (
				6CC818A41F0B3370009AC29E /* MerchantAccountCoffee.h */,
				6CC818A51F0B3370009AC29E /* MerchantAccountCoffee.m */,
				6CC818A61F0B3370009AC29E /* MerchantAccountCoffee.xib */,
				6C6B95531F463D7D00BDE4B7 /* CustomCellForCoffeeTableViewCell.h */,
				6C6B95541F463D7D00BDE4B7 /* CustomCellForCoffeeTableViewCell.m */,
				6C6B95551F463D7D00BDE4B7 /* CustomCellForCoffeeTableViewCell.xib */,
				6CB3997C1EDE2B7700149C5D /* MerchantShops.h */,
				6CB3997D1EDE2B7700149C5D /* MerchantShops.m */,
				6CB3997E1EDE2B7700149C5D /* MerchantShops.xib */,
				6CB399811EDE2BA700149C5D /* MerchantEating.h */,
				6CB399821EDE2BA700149C5D /* MerchantEating.m */,
				6CB399831EDE2BA700149C5D /* MerchantEating.xib */,
				6CCB36DB1FC6F07000EEE438 /* MerchantTravelViewController.h */,
				6CCB36DC1FC6F07000EEE438 /* MerchantTravelViewController.m */,
				6CCB36E01FC6FC1100EEE438 /* MerchantTravelViewController.xib */,
				6CB3998E1EE0B4D000149C5D /* CustomTableViewCell2.h */,
				6CB3998F1EE0B4D000149C5D /* CustomTableViewCell2.m */,
				6CB399901EE0B4D000149C5D /* CustomTableViewCell2.xib */,
				6CD3550A1EE5093C00D1508F /* MerchantAccountRateReviewsViewController.h */,
				6CD3550B1EE5093C00D1508F /* MerchantAccountRateReviewsViewController.m */,
				6CD3550E1EE5DDB400D1508F /* HCSStarRatingView.h */,
				6CD3550F1EE5DDB400D1508F /* HCSStarRatingView.m */,
			);
			name = MerchantSubViewControllers;
			sourceTree = "<group>";
		};
		6CBAB6BB2023865600E46A6B /* ChartControlls */ = {
			isa = PBXGroup;
			children = (
				6CBAB6D52023EAAC00E46A6B /* ChartNew.min.js */,
				6CBAB6D62023EAAC00E46A6B /* index.html */,
				6CBAB6BE2023869D00E46A6B /* TWRBarChart.h */,
				6CBAB6BC2023869C00E46A6B /* TWRBarChart.m */,
				6CBAB6C12023869D00E46A6B /* TWRChart.h */,
				6CBAB6C42023869D00E46A6B /* TWRChartBuilder.h */,
				6CBAB6C32023869D00E46A6B /* TWRChartBuilder.m */,
				6CBAB6C82023869E00E46A6B /* TWRChartView.h */,
				6CBAB6C92023869E00E46A6B /* TWRChartView.m */,
				6CBAB6CA2023869E00E46A6B /* TWRCircularChart.h */,
				6CBAB6BD2023869D00E46A6B /* TWRCircularChart.m */,
				6CBAB6BF2023869D00E46A6B /* TWRDataSet.h */,
				6CBAB6CB2023869E00E46A6B /* TWRDataSet.m */,
				6CBAB6C52023869E00E46A6B /* TWRDataSet+Strings.h */,
				6CBAB6C62023869E00E46A6B /* TWRDataSet+Strings.m */,
				6CBAB6C02023869D00E46A6B /* TWRLineChart.h */,
				6CBAB6C72023869E00E46A6B /* TWRLineChart.m */,
				6CBAB6CC2023869E00E46A6B /* UIColor+HexString.h */,
				6CBAB6C22023869D00E46A6B /* UIColor+HexString.m */,
			);
			name = ChartControlls;
			sourceTree = "<group>";
		};
		6CBF93B41EEDFE7B0036EBA3 /* MFSideMenu */ = {
			isa = PBXGroup;
			children = (
				6CBF93B51EEDFE950036EBA3 /* MFSideMenu.h */,
				6CBF93B61EEDFE950036EBA3 /* MFSideMenuContainerViewController.h */,
				6CBF93B71EEDFE950036EBA3 /* MFSideMenuContainerViewController.m */,
				6CBF93B81EEDFE950036EBA3 /* MFSideMenuShadow.h */,
				6CBF93B91EEDFE950036EBA3 /* MFSideMenuShadow.m */,
				6CBF93BA1EEDFE950036EBA3 /* UIViewController+MFSideMenuAdditions.h */,
				6CBF93BB1EEDFE950036EBA3 /* UIViewController+MFSideMenuAdditions.m */,
			);
			name = MFSideMenu;
			sourceTree = "<group>";
		};
		6CBF93C81EF097550036EBA3 /* PlaidHelper */ = {
			isa = PBXGroup;
			children = (
				6CBF93C91EF097A10036EBA3 /* PlaidHTTPClient.h */,
				6CBF93CA1EF097A10036EBA3 /* PlaidHTTPClient.m */,
			);
			name = PlaidHelper;
			sourceTree = "<group>";
		};
		6CBF93D01EF2B2B80036EBA3 /* BarChart Library */ = {
			isa = PBXGroup;
			children = (
				6CBF93D11EF2B2C70036EBA3 /* BarChartView.h */,
				6CBF93D21EF2B2C70036EBA3 /* BarChartView.m */,
				6CBF93D31EF2B2C70036EBA3 /* BarLabel.h */,
				6CBF93D41EF2B2C70036EBA3 /* BarLabel.m */,
				6CBF93D51EF2B2C70036EBA3 /* BarTypes.h */,
				6CBF93D61EF2B2C70036EBA3 /* BarView.h */,
				6CBF93D71EF2B2C70036EBA3 /* BarView.m */,
				6CBF93D81EF2B2C70036EBA3 /* External */,
				6CBF93E81EF2B2C80036EBA3 /* PlotChartView.h */,
				6CBF93E91EF2B2C80036EBA3 /* PlotChartView.m */,
			);
			name = "BarChart Library";
			sourceTree = "<group>";
		};
		6CBF93D81EF2B2C70036EBA3 /* External */ = {
			isa = PBXGroup;
			children = (
				6CBF93D91EF2B2C70036EBA3 /* CMPopTipView */,
				6CBF93DC1EF2B2C70036EBA3 /* Helpers */,
				6CBF93E11EF2B2C70036EBA3 /* XMLParser */,
			);
			name = External;
			path = "BarChart Library/External";
			sourceTree = "<group>";
		};
		6CBF93D91EF2B2C70036EBA3 /* CMPopTipView */ = {
			isa = PBXGroup;
			children = (
				6CBF93DA1EF2B2C70036EBA3 /* CMPopTipView.h */,
				6CBF93DB1EF2B2C70036EBA3 /* CMPopTipView.m */,
			);
			path = CMPopTipView;
			sourceTree = "<group>";
		};
		6CBF93DC1EF2B2C70036EBA3 /* Helpers */ = {
			isa = PBXGroup;
			children = (
				6CBF93DD1EF2B2C70036EBA3 /* UIColor+i7HexColor.h */,
				6CBF93DE1EF2B2C70036EBA3 /* UIColor+i7HexColor.m */,
				6CBF93DF1EF2B2C70036EBA3 /* UIViewSizeShortcuts.h */,
				6CBF93E01EF2B2C70036EBA3 /* UIViewSizeShortcuts.m */,
			);
			path = Helpers;
			sourceTree = "<group>";
		};
		6CBF93E11EF2B2C70036EBA3 /* XMLParser */ = {
			isa = PBXGroup;
			children = (
				6CBF93E21EF2B2C70036EBA3 /* XMLElement.h */,
				6CBF93E31EF2B2C70036EBA3 /* XMLElement.m */,
				6CBF93E41EF2B2C70036EBA3 /* XMLParser.h */,
				6CBF93E51EF2B2C70036EBA3 /* XMLParser.m */,
				6CBF93E61EF2B2C80036EBA3 /* XMLParserDelegate.h */,
				6CBF93E71EF2B2C80036EBA3 /* XMLParserDelegate.m */,
			);
			path = XMLParser;
			sourceTree = "<group>";
		};
		6CD9B02C1ED3874B003ADF99 = {
			isa = PBXGroup;
			children = (
				6CD9B0371ED3874B003ADF99 /* Zeal */,
				6CD9B0361ED3874B003ADF99 /* Products */,
				612B64D5229A455C28672B05 /* Pods */,
				3207C34D48574342407EE62A /* Frameworks */,
			);
			sourceTree = "<group>";
		};
		6CD9B0361ED3874B003ADF99 /* Products */ = {
			isa = PBXGroup;
			children = (
				6CD9B0351ED3874B003ADF99 /* Zeal.app */,
			);
			name = Products;
			sourceTree = "<group>";
		};
		6CD9B0371ED3874B003ADF99 /* Zeal */ = {
			isa = PBXGroup;
			children = (
				6CCF2FBF1FFE6CBF006DAB76 /* Zeal.entitlements */,
				6CBAB6BB2023865600E46A6B /* ChartControlls */,
				6C42CBDB1EFF1A1000DBA198 /* LineGraphClasses */,
				6CBF93D01EF2B2B80036EBA3 /* BarChart Library */,
				6C229CE91F3018A9008B4850 /* SKTableView */,
				6CBF93B41EEDFE7B0036EBA3 /* MFSideMenu */,
				6CB399691EDD089B00149C5D /* CustomClasses */,
				6CBF93C81EF097550036EBA3 /* PlaidHelper */,
				6CDB4ADC203D095C0051113D /* SquareHttpClient */,
				6CDB4AE0203D8ADF0051113D /* Models */,
				6C61025B1FF49DA30081CA6B /* Utilities */,
				6C1A3A62203BCFF100D6D165 /* CommonUtils */,
				6CD9B03B1ED3874B003ADF99 /* AppDelegate.h */,
				6CD9B03C1ED3874B003ADF99 /* AppDelegate.m */,
				6C5C9864201BE1C200BF64FF /* Zeal-Bridging-Header.h */,
				6C61025A1FF49D7C0081CA6B /* ViewControllers */,
				6CD9B0491ED3874B003ADF99 /* Info.plist */,
				6CD9B0381ED3874B003ADF99 /* Supporting Files */,
			);
			path = Zeal;
			sourceTree = "<group>";
		};
		6CD9B0381ED3874B003ADF99 /* Supporting Files */ = {
			isa = PBXGroup;
			children = (
				6C24732A2027E8FB0034C497 /* Assets.xcassets */,
				6CD9B0411ED3874B003ADF99 /* Main.storyboard */,
				6CD9B0461ED3874B003ADF99 /* LaunchScreen.storyboard */,
				6C91FBAB1EDC78E9000243DA /* GoogleService-Info.plist */,
				6CB399721EDD1EEE00149C5D /* about_text.html */,
				6C4F85341EF8B46D00D192F1 /* Roboto-Italic.ttf */,
				6C4F85351EF8B46D00D192F1 /* Roboto-Regular.ttf */,
				6C4F85361EF8B51D00D192F1 /* Roboto-Medium.ttf */,
				6CD9B0391ED3874B003ADF99 /* main.m */,
			);
			name = "Supporting Files";
			sourceTree = "<group>";
		};
		6CDB4ADC203D095C0051113D /* SquareHttpClient */ = {
			isa = PBXGroup;
			children = (
				6CDB4ADD203D09860051113D /* SquareHttpClient.h */,
				6CDB4ADE203D09860051113D /* SquareHttpClient.m */,
			);
			name = SquareHttpClient;
			sourceTree = "<group>";
		};
		6CDB4AE0203D8ADF0051113D /* Models */ = {
			isa = PBXGroup;
			children = (
				6CDB4AE1203D8B070051113D /* CoffeeObj.h */,
				6CDB4AE2203D8B070051113D /* CoffeeObj.m */,
			);
			name = Models;
			sourceTree = "<group>";
		};
/* End PBXGroup section */

/* Begin PBXNativeTarget section */
		6CD9B0341ED3874B003ADF99 /* Zeal */ = {
			isa = PBXNativeTarget;
			buildConfigurationList = 6CD9B04C1ED3874B003ADF99 /* Build configuration list for PBXNativeTarget "Zeal" */;
			buildPhases = (
				FA30D3292B74FA35A2F1F3E5 /* [CP] Check Pods Manifest.lock */,
				6CD9B0311ED3874B003ADF99 /* Sources */,
				6CD9B0321ED3874B003ADF99 /* Frameworks */,
				6CD9B0331ED3874B003ADF99 /* Resources */,
				8FD13BA422223948AFEA7C98 /* [CP] Embed Pods Frameworks */,
				B18C13A84D3DD78EC9468D75 /* [CP] Copy Pods Resources */,
				6CD355151EE5E2AB00D1508F /* Embed Frameworks */,
				6CBF93AE1EEA277E0036EBA3 /* Prepare for Distribution */,
			);
			buildRules = (
			);
			dependencies = (
			);
			name = Zeal;
			productName = Zeal;
			productReference = 6CD9B0351ED3874B003ADF99 /* Zeal.app */;
			productType = "com.apple.product-type.application";
		};
/* End PBXNativeTarget section */

/* Begin PBXProject section */
		6CD9B02D1ED3874B003ADF99 /* Project object */ = {
			isa = PBXProject;
			attributes = {
				LastUpgradeCheck = 0820;
				ORGANIZATIONNAME = ZealOfCnorth2;
				TargetAttributes = {
					6CD9B0341ED3874B003ADF99 = {
						CreatedOnToolsVersion = 8.2;
						DevelopmentTeam = U3DJW66E3Y;
						ProvisioningStyle = Manual;
						SystemCapabilities = {
							com.apple.ApplicationGroups.iOS = {
								enabled = 0;
							};
							com.apple.Keychain = {
								enabled = 1;
							};
							com.apple.Push = {
								enabled = 0;
							};
						};
					};
				};
			};
			buildConfigurationList = 6CD9B0301ED3874B003ADF99 /* Build configuration list for PBXProject "Zeal" */;
			compatibilityVersion = "Xcode 3.2";
			developmentRegion = English;
			hasScannedForEncodings = 0;
			knownRegions = (
				English,
				en,
				Base,
			);
			mainGroup = 6CD9B02C1ED3874B003ADF99;
			productRefGroup = 6CD9B0361ED3874B003ADF99 /* Products */;
			projectDirPath = "";
			projectRoot = "";
			targets = (
				6CD9B0341ED3874B003ADF99 /* Zeal */,
			);
		};
/* End PBXProject section */

/* Begin PBXResourcesBuildPhase section */
		6CD9B0331ED3874B003ADF99 /* Resources */ = {
			isa = PBXResourcesBuildPhase;
			buildActionMask = 2147483647;
			files = (
				6CCB36E11FC7000C00EEE438 /* MerchantTravelViewController.xib in Resources */,
				6CB399851EDE2BA700149C5D /* MerchantEating.xib in Resources */,
				6C229CF21F3018A9008B4850 /* expandableImage.png in Resources */,
				6C229CF31F3018A9008B4850 /* expandableImage@2x.png in Resources */,
				6CB399731EDD1EEE00149C5D /* about_text.html in Resources */,
				6CBAB6D82023EAAC00E46A6B /* index.html in Resources */,
				6CB399921EE0B4D000149C5D /* CustomTableViewCell2.xib in Resources */,
				6CD9B0481ED3874B003ADF99 /* LaunchScreen.storyboard in Resources */,
				49CDE1D02473BA240018A0D0 /* TransactionsCellTableViewCell.xib in Resources */,
				6CB399801EDE2B7700149C5D /* MerchantShops.xib in Resources */,
				49CDE1D82473CDD80018A0D0 /* ReorderTableCell.xib in Resources */,
				6CC818A81F0B3370009AC29E /* MerchantAccountCoffee.xib in Resources */,
				6C91FBAC1EDC78EA000243DA /* GoogleService-Info.plist in Resources */,
				6CD9B0431ED3874B003ADF99 /* Main.storyboard in Resources */,
				6C6B95571F463D7D00BDE4B7 /* CustomCellForCoffeeTableViewCell.xib in Resources */,
				6CBF93B31EEAB7E40036EBA3 /* CustomTableFinancialAccountsTableViewCell.xib in Resources */,
				6C24732B2027E8FB0034C497 /* Assets.xcassets in Resources */,
				6CBAB6D72023EAAC00E46A6B /* ChartNew.min.js in Resources */,
			);
			runOnlyForDeploymentPostprocessing = 0;
		};
/* End PBXResourcesBuildPhase section */

/* Begin PBXShellScriptBuildPhase section */
		6CBF93AE1EEA277E0036EBA3 /* Prepare for Distribution */ = {
			isa = PBXShellScriptBuildPhase;
			buildActionMask = 2147483647;
			files = (
			);
			inputPaths = (
			);
			name = "Prepare for Distribution";
			outputPaths = (
			);
			runOnlyForDeploymentPostprocessing = 0;
			shellPath = /bin/sh;
			shellScript = "cp \"${PROJECT_DIR}\"/LinkKit.framework/prepare_for_distribution.sh \"${CODESIGNING_FOLDER_PATH}\"/Frameworks/LinkKit.framework/prepare_for_distribution.sh\n\"${CODESIGNING_FOLDER_PATH}\"/Frameworks/LinkKit.framework/prepare_for_distribution.sh\n";
			showEnvVarsInLog = 0;
		};
		8FD13BA422223948AFEA7C98 /* [CP] Embed Pods Frameworks */ = {
			isa = PBXShellScriptBuildPhase;
			buildActionMask = 2147483647;
			files = (
			);
			inputPaths = (
				"${PODS_ROOT}/Target Support Files/Pods-Zeal/Pods-Zeal-frameworks.sh",
				"${BUILT_PRODUCTS_DIR}/AFNetworking/AFNetworking.framework",
				"${BUILT_PRODUCTS_DIR}/AppAuth/AppAuth.framework",
				"${BUILT_PRODUCTS_DIR}/GTMAppAuth/GTMAppAuth.framework",
				"${BUILT_PRODUCTS_DIR}/GTMSessionFetcher/GTMSessionFetcher.framework",
				"${BUILT_PRODUCTS_DIR}/GoogleUtilities/GoogleUtilities.framework",
				"${BUILT_PRODUCTS_DIR}/HCSStarRatingView/HCSStarRatingView.framework",
				"${BUILT_PRODUCTS_DIR}/MBProgressHUD/MBProgressHUD.framework",
				"${BUILT_PRODUCTS_DIR}/PromisesObjC/FBLPromises.framework",
				"${BUILT_PRODUCTS_DIR}/leveldb-library/leveldb.framework",
				"${BUILT_PRODUCTS_DIR}/nanopb/nanopb.framework",
			);
			name = "[CP] Embed Pods Frameworks";
			outputPaths = (
				"${TARGET_BUILD_DIR}/${FRAMEWORKS_FOLDER_PATH}/AFNetworking.framework",
				"${TARGET_BUILD_DIR}/${FRAMEWORKS_FOLDER_PATH}/AppAuth.framework",
				"${TARGET_BUILD_DIR}/${FRAMEWORKS_FOLDER_PATH}/GTMAppAuth.framework",
				"${TARGET_BUILD_DIR}/${FRAMEWORKS_FOLDER_PATH}/GTMSessionFetcher.framework",
				"${TARGET_BUILD_DIR}/${FRAMEWORKS_FOLDER_PATH}/GoogleUtilities.framework",
				"${TARGET_BUILD_DIR}/${FRAMEWORKS_FOLDER_PATH}/HCSStarRatingView.framework",
				"${TARGET_BUILD_DIR}/${FRAMEWORKS_FOLDER_PATH}/MBProgressHUD.framework",
				"${TARGET_BUILD_DIR}/${FRAMEWORKS_FOLDER_PATH}/FBLPromises.framework",
				"${TARGET_BUILD_DIR}/${FRAMEWORKS_FOLDER_PATH}/leveldb.framework",
				"${TARGET_BUILD_DIR}/${FRAMEWORKS_FOLDER_PATH}/nanopb.framework",
			);
			runOnlyForDeploymentPostprocessing = 0;
			shellPath = /bin/sh;
			shellScript = "\"${PODS_ROOT}/Target Support Files/Pods-Zeal/Pods-Zeal-frameworks.sh\"\n";
			showEnvVarsInLog = 0;
		};
		B18C13A84D3DD78EC9468D75 /* [CP] Copy Pods Resources */ = {
			isa = PBXShellScriptBuildPhase;
			buildActionMask = 2147483647;
			files = (
			);
			inputPaths = (
				"${PODS_ROOT}/Target Support Files/Pods-Zeal/Pods-Zeal-resources.sh",
				"${PODS_ROOT}/GoogleSignIn/Resources/GoogleSignIn.bundle",
			);
			name = "[CP] Copy Pods Resources";
			outputPaths = (
				"${TARGET_BUILD_DIR}/${UNLOCALIZED_RESOURCES_FOLDER_PATH}/GoogleSignIn.bundle",
			);
			runOnlyForDeploymentPostprocessing = 0;
			shellPath = /bin/sh;
			shellScript = "\"${PODS_ROOT}/Target Support Files/Pods-Zeal/Pods-Zeal-resources.sh\"\n";
			showEnvVarsInLog = 0;
		};
		FA30D3292B74FA35A2F1F3E5 /* [CP] Check Pods Manifest.lock */ = {
			isa = PBXShellScriptBuildPhase;
			buildActionMask = 2147483647;
			files = (
			);
			inputPaths = (
				"${PODS_PODFILE_DIR_PATH}/Podfile.lock",
				"${PODS_ROOT}/Manifest.lock",
			);
			name = "[CP] Check Pods Manifest.lock";
			outputPaths = (
				"$(DERIVED_FILE_DIR)/Pods-Zeal-checkManifestLockResult.txt",
			);
			runOnlyForDeploymentPostprocessing = 0;
			shellPath = /bin/sh;
			shellScript = "diff \"${PODS_PODFILE_DIR_PATH}/Podfile.lock\" \"${PODS_ROOT}/Manifest.lock\" > /dev/null\nif [ $? != 0 ] ; then\n    # print error to STDERR\n    echo \"error: The sandbox is not in sync with the Podfile.lock. Run 'pod install' or update your CocoaPods installation.\" >&2\n    exit 1\nfi\n# This output is used by Xcode 'outputs' to avoid re-running this script phase.\necho \"SUCCESS\" > \"${SCRIPT_OUTPUT_FILE_0}\"\n";
			showEnvVarsInLog = 0;
		};
/* End PBXShellScriptBuildPhase section */

/* Begin PBXSourcesBuildPhase section */
		6CD9B0311ED3874B003ADF99 /* Sources */ = {
			isa = PBXSourcesBuildPhase;
			buildActionMask = 2147483647;
			files = (
				6CBF93F11EF2B2C80036EBA3 /* XMLParser.m in Sources */,
				6CBAB6CD2023869F00E46A6B /* TWRBarChart.m in Sources */,
				6C229CF51F3018A9008B4850 /* SKSTableViewCell.m in Sources */,
				6C229CF41F3018A9008B4850 /* SKSTableView.m in Sources */,
				6CBF93ED1EF2B2C80036EBA3 /* CMPopTipView.m in Sources */,
				6CDB4AE3203D8B070051113D /* CoffeeObj.m in Sources */,
				6CBF93EA1EF2B2C80036EBA3 /* BarChartView.m in Sources */,
				6C42CBE91EFF1A1000DBA198 /* BEMPermanentPopupView.m in Sources */,
				6CD3551C1EE83AB100D1508F /* PlaidAPIViewController.m in Sources */,
				6CBF93F31EF2B2C80036EBA3 /* PlotChartView.m in Sources */,
				6CBF93C71EEE068B0036EBA3 /* SideMenuViewController.m in Sources */,
				6CBAB6D42023869F00E46A6B /* TWRDataSet.m in Sources */,
				6C42CBEA1EFF1A1000DBA198 /* BEMSimpleLineGraphView.m in Sources */,
				6CD9B0401ED3874B003ADF99 /* HomeViewController.m in Sources */,
				6CC818A71F0B3370009AC29E /* MerchantAccountCoffee.m in Sources */,
				6CBF93BD1EEDFE950036EBA3 /* MFSideMenuShadow.m in Sources */,
				6CBF93BE1EEDFE950036EBA3 /* UIViewController+MFSideMenuAdditions.m in Sources */,
				6CBF93EB1EF2B2C80036EBA3 /* BarLabel.m in Sources */,
				6CB3996F1EDD0D5800149C5D /* UIViewController+Alerts.m in Sources */,
				6CBAB6CE2023869F00E46A6B /* TWRCircularChart.m in Sources */,
				6C42CBE81EFF1A1000DBA198 /* BEMLine.m in Sources */,
				6CBF93EF1EF2B2C80036EBA3 /* UIViewSizeShortcuts.m in Sources */,
				6C42CBE71EFF1A1000DBA198 /* BEMCircle.m in Sources */,
				6CBAB6CF2023869F00E46A6B /* UIColor+HexString.m in Sources */,
				6CB3996C1EDD0C8700149C5D /* ToastHelper.m in Sources */,
				6CBAB6D12023869F00E46A6B /* TWRDataSet+Strings.m in Sources */,
				6CBF93BC1EEDFE950036EBA3 /* MFSideMenuContainerViewController.m in Sources */,
				6C42CBE61EFF1A1000DBA198 /* BEMAverageLine.m in Sources */,
				6CBF93CB1EF097A10036EBA3 /* PlaidHTTPClient.m in Sources */,
				6CBAB6D02023869F00E46A6B /* TWRChartBuilder.m in Sources */,
				6C1A3A65203BD01300D6D165 /* CommonUtils.m in Sources */,
				6CBF93EE1EF2B2C80036EBA3 /* UIColor+i7HexColor.m in Sources */,
				6CDB4ADF203D09860051113D /* SquareHttpClient.m in Sources */,
				6CCB36DE1FC6F07000EEE438 /* MerchantTravelViewController.m in Sources */,
				6CD3550C1EE5093C00D1508F /* MerchantAccountRateReviewsViewController.m in Sources */,
				6CD9B03D1ED3874B003ADF99 /* AppDelegate.m in Sources */,
				6C6B95561F463D7D00BDE4B7 /* CustomCellForCoffeeTableViewCell.m in Sources */,
				6CBAB6D32023869F00E46A6B /* TWRChartView.m in Sources */,
				49CDE1D32473BA6E0018A0D0 /* TransactionsCellTableViewCell.m in Sources */,
				6CB399841EDE2BA700149C5D /* MerchantEating.m in Sources */,
				6CB3997F1EDE2B7700149C5D /* MerchantShops.m in Sources */,
				6CB399911EE0B4D000149C5D /* CustomTableViewCell2.m in Sources */,
				49CDE1D72473CDD80018A0D0 /* ReorderTableCell.m in Sources */,
				6CD9B03A1ED3874B003ADF99 /* main.m in Sources */,
				6C91FBA81EDB8245000243DA /* MainViewController.m in Sources */,
				6CBAB6D22023869F00E46A6B /* TWRLineChart.m in Sources */,
				6C229CF61F3018A9008B4850 /* SKSTableViewCellIndicator.m in Sources */,
				6CD9B0541ED39178003ADF99 /* LoginViewController.m in Sources */,
				6CBF93B21EEAB7E40036EBA3 /* CustomTableFinancialAccountsTableViewCell.m in Sources */,
				6CBF93EC1EF2B2C80036EBA3 /* BarView.m in Sources */,
				6CD355101EE5DDB400D1508F /* HCSStarRatingView.m in Sources */,
				6CBF93F21EF2B2C80036EBA3 /* XMLParserDelegate.m in Sources */,
				6CBF93F01EF2B2C80036EBA3 /* XMLElement.m in Sources */,
			);
			runOnlyForDeploymentPostprocessing = 0;
		};
/* End PBXSourcesBuildPhase section */

/* Begin PBXVariantGroup section */
		6CD9B0411ED3874B003ADF99 /* Main.storyboard */ = {
			isa = PBXVariantGroup;
			children = (
				6CD9B0421ED3874B003ADF99 /* Base */,
			);
			name = Main.storyboard;
			sourceTree = "<group>";
		};
		6CD9B0461ED3874B003ADF99 /* LaunchScreen.storyboard */ = {
			isa = PBXVariantGroup;
			children = (
				6CD9B0471ED3874B003ADF99 /* Base */,
			);
			name = LaunchScreen.storyboard;
			sourceTree = "<group>";
		};
/* End PBXVariantGroup section */

/* Begin XCBuildConfiguration section */
		6CD9B04A1ED3874B003ADF99 /* Debug */ = {
			isa = XCBuildConfiguration;
			buildSettings = {
				ALWAYS_SEARCH_USER_PATHS = NO;
				CLANG_ANALYZER_NONNULL = YES;
				CLANG_CXX_LANGUAGE_STANDARD = "gnu++0x";
				CLANG_CXX_LIBRARY = "libc++";
				CLANG_ENABLE_MODULES = YES;
				CLANG_ENABLE_OBJC_ARC = YES;
				CLANG_WARN_BOOL_CONVERSION = YES;
				CLANG_WARN_CONSTANT_CONVERSION = YES;
				CLANG_WARN_DIRECT_OBJC_ISA_USAGE = YES_ERROR;
				CLANG_WARN_DOCUMENTATION_COMMENTS = YES;
				CLANG_WARN_EMPTY_BODY = YES;
				CLANG_WARN_ENUM_CONVERSION = YES;
				CLANG_WARN_INFINITE_RECURSION = YES;
				CLANG_WARN_INT_CONVERSION = YES;
				CLANG_WARN_OBJC_ROOT_CLASS = YES_ERROR;
				CLANG_WARN_SUSPICIOUS_MOVE = YES;
				CLANG_WARN_UNREACHABLE_CODE = YES;
				CLANG_WARN__DUPLICATE_METHOD_MATCH = YES;
				"CODE_SIGN_IDENTITY[sdk=iphoneos*]" = "iPhone Developer";
				COPY_PHASE_STRIP = NO;
				DEBUG_INFORMATION_FORMAT = dwarf;
				ENABLE_STRICT_OBJC_MSGSEND = YES;
				ENABLE_TESTABILITY = YES;
				GCC_C_LANGUAGE_STANDARD = gnu99;
				GCC_DYNAMIC_NO_PIC = NO;
				GCC_NO_COMMON_BLOCKS = YES;
				GCC_OPTIMIZATION_LEVEL = 0;
				GCC_PREPROCESSOR_DEFINITIONS = (
					"DEBUG=1",
					"$(inherited)",
				);
				GCC_WARN_64_TO_32_BIT_CONVERSION = YES;
				GCC_WARN_ABOUT_RETURN_TYPE = YES_ERROR;
				GCC_WARN_UNDECLARED_SELECTOR = YES;
				GCC_WARN_UNINITIALIZED_AUTOS = YES_AGGRESSIVE;
				GCC_WARN_UNUSED_FUNCTION = YES;
				GCC_WARN_UNUSED_VARIABLE = YES;
				IPHONEOS_DEPLOYMENT_TARGET = 13.4;
				MTL_ENABLE_DEBUG_INFO = YES;
				ONLY_ACTIVE_ARCH = YES;
				SDKROOT = iphoneos;
			};
			name = Debug;
		};
		6CD9B04B1ED3874B003ADF99 /* Release */ = {
			isa = XCBuildConfiguration;
			buildSettings = {
				ALWAYS_SEARCH_USER_PATHS = NO;
				CLANG_ANALYZER_NONNULL = YES;
				CLANG_CXX_LANGUAGE_STANDARD = "gnu++0x";
				CLANG_CXX_LIBRARY = "libc++";
				CLANG_ENABLE_MODULES = YES;
				CLANG_ENABLE_OBJC_ARC = YES;
				CLANG_WARN_BOOL_CONVERSION = YES;
				CLANG_WARN_CONSTANT_CONVERSION = YES;
				CLANG_WARN_DIRECT_OBJC_ISA_USAGE = YES_ERROR;
				CLANG_WARN_DOCUMENTATION_COMMENTS = YES;
				CLANG_WARN_EMPTY_BODY = YES;
				CLANG_WARN_ENUM_CONVERSION = YES;
				CLANG_WARN_INFINITE_RECURSION = YES;
				CLANG_WARN_INT_CONVERSION = YES;
				CLANG_WARN_OBJC_ROOT_CLASS = YES_ERROR;
				CLANG_WARN_SUSPICIOUS_MOVE = YES;
				CLANG_WARN_UNREACHABLE_CODE = YES;
				CLANG_WARN__DUPLICATE_METHOD_MATCH = YES;
				"CODE_SIGN_IDENTITY[sdk=iphoneos*]" = "iPhone Developer";
				COPY_PHASE_STRIP = NO;
				DEBUG_INFORMATION_FORMAT = "dwarf-with-dsym";
				ENABLE_NS_ASSERTIONS = NO;
				ENABLE_STRICT_OBJC_MSGSEND = YES;
				GCC_C_LANGUAGE_STANDARD = gnu99;
				GCC_NO_COMMON_BLOCKS = YES;
				GCC_WARN_64_TO_32_BIT_CONVERSION = YES;
				GCC_WARN_ABOUT_RETURN_TYPE = YES_ERROR;
				GCC_WARN_UNDECLARED_SELECTOR = YES;
				GCC_WARN_UNINITIALIZED_AUTOS = YES_AGGRESSIVE;
				GCC_WARN_UNUSED_FUNCTION = YES;
				GCC_WARN_UNUSED_VARIABLE = YES;
				IPHONEOS_DEPLOYMENT_TARGET = 13.4;
				MTL_ENABLE_DEBUG_INFO = NO;
				SDKROOT = iphoneos;
				VALIDATE_PRODUCT = YES;
			};
			name = Release;
		};
		6CD9B04D1ED3874B003ADF99 /* Debug */ = {
			isa = XCBuildConfiguration;
			baseConfigurationReference = A6FBBEFEB75EBB5008300B41 /* Pods-Zeal.debug.xcconfig */;
			buildSettings = {
				ASSETCATALOG_COMPILER_APPICON_NAME = AppIcon;
				CODE_SIGN_ENTITLEMENTS = Zeal/Zeal.entitlements;
				CODE_SIGN_IDENTITY = "iPhone Developer";
				CODE_SIGN_STYLE = Manual;
				CURRENT_PROJECT_VERSION = 2;
				DEVELOPMENT_TEAM = U3DJW66E3Y;
				ENABLE_BITCODE = NO;
				FRAMEWORK_SEARCH_PATHS = (
					"$(inherited)",
					"$(PROJECT_DIR)/Zeal/FrameWork",
					"$(PROJECT_DIR)",
					"$(PROJECT_DIR)/Zeal",
				);
				GCC_PREFIX_HEADER = "$(PROJECT_NAME)/Zeal-Prefix.pch";
				INFOPLIST_FILE = Zeal/Info.plist;
				IPHONEOS_DEPLOYMENT_TARGET = 12.0;
				LD_RUNPATH_SEARCH_PATHS = "$(inherited) @executable_path/Frameworks";
				LINK_ENV = Sandbox;
				LINK_KEY = 667778757a11bac2a6ee9b156c914a;
				MARKETING_VERSION = 2.2.7;
				OTHER_CFLAGS = (
					"$(inherited)",
					"-iquote",
					"\"$PODS_CONFIGURATION_BUILD_DIR/Bolts/Bolts.framework/Headers\"",
					"-iquote",
					"\"$PODS_CONFIGURATION_BUILD_DIR/FBSDKCoreKit/FBSDKCoreKit.framework/Headers\"",
					"-iquote",
					"\"$PODS_CONFIGURATION_BUILD_DIR/FBSDKLoginKit/FBSDKLoginKit.framework/Headers\"",
					"-iquote",
					"\"$PODS_CONFIGURATION_BUILD_DIR/GTMSessionFetcher/GTMSessionFetcher.framework/Headers\"",
					"-iquote",
					"\"$PODS_CONFIGURATION_BUILD_DIR/GoogleToolboxForMac/GoogleToolboxForMac.framework/Headers\"",
					"-iquote",
					"\"$PODS_CONFIGURATION_BUILD_DIR/HCSStarRatingView/HCSStarRatingView.framework/Headers\"",
					"-iquote",
					"\"$PODS_CONFIGURATION_BUILD_DIR/MBProgressHUD/MBProgressHUD.framework/Headers\"",
					"-isystem",
					"\"${PODS_ROOT}/Headers/Public\"",
					"-isystem",
					"\"${PODS_ROOT}/Headers/Public/Firebase\"",
					"-isystem",
					"\"${PODS_ROOT}/Headers/Public/FirebaseAnalytics\"",
					"-isystem",
					"\"${PODS_ROOT}/Headers/Public/FirebaseAuth\"",
					"-isystem",
					"\"${PODS_ROOT}/Headers/Public/FirebaseCore\"",
					"-isystem",
					"\"${PODS_ROOT}/Headers/Public/FirebaseDatabase\"",
					"-isystem",
					"\"${PODS_ROOT}/Headers/Public/FirebaseInstanceID\"",
					"-DUSE_CUSTOM_CONFIG",
				);
				PRODUCT_BUNDLE_IDENTIFIER = developer.cnorth2.Zeal;
				PRODUCT_NAME = "$(TARGET_NAME)";
				PROVISIONING_PROFILE = "fd9653c4-7054-4423-b324-1477a8b2aed9";
				PROVISIONING_PROFILE_SPECIFIER = zealappprovisioning;
				TARGETED_DEVICE_FAMILY = 1;
			};
			name = Debug;
		};
		6CD9B04E1ED3874B003ADF99 /* Release */ = {
			isa = XCBuildConfiguration;
			baseConfigurationReference = DD273674B4856BFCF9D6E0AB /* Pods-Zeal.release.xcconfig */;
			buildSettings = {
				ASSETCATALOG_COMPILER_APPICON_NAME = AppIcon;
				CODE_SIGN_ENTITLEMENTS = Zeal/Zeal.entitlements;
				"CODE_SIGN_IDENTITY[sdk=iphoneos*]" = "iPhone Distribution";
				CURRENT_PROJECT_VERSION = 2;
				DEVELOPMENT_TEAM = U3DJW66E3Y;
				ENABLE_BITCODE = NO;
				FRAMEWORK_SEARCH_PATHS = (
					"$(inherited)",
					"$(PROJECT_DIR)/Zeal/FrameWork",
					"$(PROJECT_DIR)",
					"$(PROJECT_DIR)/Zeal",
				);
				GCC_PREFIX_HEADER = "$(PROJECT_NAME)/Zeal-Prefix.pch";
				INFOPLIST_FILE = Zeal/Info.plist;
				IPHONEOS_DEPLOYMENT_TARGET = 12.0;
				LD_RUNPATH_SEARCH_PATHS = "$(inherited) @executable_path/Frameworks";
				LINK_ENV = Production;
				LINK_KEY = 667778757a11bac2a6ee9b156c914a;
				MARKETING_VERSION = 2.2.7;
				OTHER_CFLAGS = (
					"$(inherited)",
					"-iquote",
					"\"$PODS_CONFIGURATION_BUILD_DIR/Bolts/Bolts.framework/Headers\"",
					"-iquote",
					"\"$PODS_CONFIGURATION_BUILD_DIR/FBSDKCoreKit/FBSDKCoreKit.framework/Headers\"",
					"-iquote",
					"\"$PODS_CONFIGURATION_BUILD_DIR/FBSDKLoginKit/FBSDKLoginKit.framework/Headers\"",
					"-iquote",
					"\"$PODS_CONFIGURATION_BUILD_DIR/GTMSessionFetcher/GTMSessionFetcher.framework/Headers\"",
					"-iquote",
					"\"$PODS_CONFIGURATION_BUILD_DIR/GoogleToolboxForMac/GoogleToolboxForMac.framework/Headers\"",
					"-iquote",
					"\"$PODS_CONFIGURATION_BUILD_DIR/HCSStarRatingView/HCSStarRatingView.framework/Headers\"",
					"-iquote",
					"\"$PODS_CONFIGURATION_BUILD_DIR/MBProgressHUD/MBProgressHUD.framework/Headers\"",
					"-isystem",
					"\"${PODS_ROOT}/Headers/Public\"",
					"-isystem",
					"\"${PODS_ROOT}/Headers/Public/Firebase\"",
					"-isystem",
					"\"${PODS_ROOT}/Headers/Public/FirebaseAnalytics\"",
					"-isystem",
					"\"${PODS_ROOT}/Headers/Public/FirebaseAuth\"",
					"-isystem",
					"\"${PODS_ROOT}/Headers/Public/FirebaseCore\"",
					"-isystem",
					"\"${PODS_ROOT}/Headers/Public/FirebaseDatabase\"",
					"-isystem",
					"\"${PODS_ROOT}/Headers/Public/FirebaseInstanceID\"",
					"-DUSE_CUSTOM_CONFIG",
				);
				PRODUCT_BUNDLE_IDENTIFIER = developer.cnorth2.Zeal;
				PRODUCT_NAME = "$(TARGET_NAME)";
				PROVISIONING_PROFILE = "b25ca851-c087-4c72-b1f6-489f95549111";
				PROVISIONING_PROFILE_SPECIFIER = zeal_dis;
				TARGETED_DEVICE_FAMILY = 1;
			};
			name = Release;
		};
/* End XCBuildConfiguration section */

/* Begin XCConfigurationList section */
		6CD9B0301ED3874B003ADF99 /* Build configuration list for PBXProject "Zeal" */ = {
			isa = XCConfigurationList;
			buildConfigurations = (
				6CD9B04A1ED3874B003ADF99 /* Debug */,
				6CD9B04B1ED3874B003ADF99 /* Release */,
			);
			defaultConfigurationIsVisible = 0;
			defaultConfigurationName = Release;
		};
		6CD9B04C1ED3874B003ADF99 /* Build configuration list for PBXNativeTarget "Zeal" */ = {
			isa = XCConfigurationList;
			buildConfigurations = (
				6CD9B04D1ED3874B003ADF99 /* Debug */,
				6CD9B04E1ED3874B003ADF99 /* Release */,
			);
			defaultConfigurationIsVisible = 0;
			defaultConfigurationName = Release;
		};
/* End XCConfigurationList section */
	};
	rootObject = 6CD9B02D1ED3874B003ADF99 /* Project object */;
}
